// !$*UTF8*$!
{
	archiveVersion = 1;
	classes = {
	};
	objectVersion = 55;
	objects = {

/* Begin PBXBuildFile section */
		3DD7D6E1289968E2004A9F6F /* UIButton.swift in Sources */ = {isa = PBXBuildFile; fileRef = 3DD7D6E0289968E2004A9F6F /* UIButton.swift */; };
		3DE8C80428995B2100391DAC /* SDWebImage in Frameworks */ = {isa = PBXBuildFile; productRef = 3DE8C80328995B2100391DAC /* SDWebImage */; };
		5B10CE55289D5D7700FEBB5B /* OfficeDetailDataCell.swift in Sources */ = {isa = PBXBuildFile; fileRef = 5B10CE53289D5D7700FEBB5B /* OfficeDetailDataCell.swift */; };
		5B10CE56289D5D7700FEBB5B /* OfficeDetailDataCell.xib in Resources */ = {isa = PBXBuildFile; fileRef = 5B10CE54289D5D7700FEBB5B /* OfficeDetailDataCell.xib */; };
		5B10CE7428A026FF00FEBB5B /* Section.swift in Sources */ = {isa = PBXBuildFile; fileRef = 5B10CE7328A026FF00FEBB5B /* Section.swift */; };
		5B13C0FC289AA9DD001D4626 /* ListOfficesRouter.swift in Sources */ = {isa = PBXBuildFile; fileRef = 5B13C0FB289AA9DD001D4626 /* ListOfficesRouter.swift */; };
		5B13C0FE289AAA41001D4626 /* ListOfficesWorker.swift in Sources */ = {isa = PBXBuildFile; fileRef = 5B13C0FD289AAA41001D4626 /* ListOfficesWorker.swift */; };
		5B13C100289AAA87001D4626 /* AppConstants.swift in Sources */ = {isa = PBXBuildFile; fileRef = 5B13C0FF289AAA87001D4626 /* AppConstants.swift */; };
		5B13C102289AAAE0001D4626 /* UIColor.swift in Sources */ = {isa = PBXBuildFile; fileRef = 5B13C101289AAAE0001D4626 /* UIColor.swift */; };
		5B13C10A289AADF1001D4626 /* Register.storyboard in Resources */ = {isa = PBXBuildFile; fileRef = 5B13C103289AADF1001D4626 /* Register.storyboard */; };
		5B13C10B289AADF1001D4626 /* RegisterViewController.swift in Sources */ = {isa = PBXBuildFile; fileRef = 5B13C104289AADF1001D4626 /* RegisterViewController.swift */; };
		5B13C10C289AADF1001D4626 /* RegisterPresenter.swift in Sources */ = {isa = PBXBuildFile; fileRef = 5B13C105289AADF1001D4626 /* RegisterPresenter.swift */; };
		5B13C10D289AADF1001D4626 /* RegisterInteractor.swift in Sources */ = {isa = PBXBuildFile; fileRef = 5B13C106289AADF1001D4626 /* RegisterInteractor.swift */; };
		5B13C10E289AADF1001D4626 /* RegisterModels.swift in Sources */ = {isa = PBXBuildFile; fileRef = 5B13C107289AADF1001D4626 /* RegisterModels.swift */; };
		5B13C10F289AADF1001D4626 /* RegisterWorker.swift in Sources */ = {isa = PBXBuildFile; fileRef = 5B13C108289AADF1001D4626 /* RegisterWorker.swift */; };
		5B13C110289AADF1001D4626 /* RegisterRouter.swift in Sources */ = {isa = PBXBuildFile; fileRef = 5B13C109289AADF1001D4626 /* RegisterRouter.swift */; };
		5B13C115289AB115001D4626 /* ListOffices.storyboard in Resources */ = {isa = PBXBuildFile; fileRef = 5B13C114289AB115001D4626 /* ListOffices.storyboard */; };
		5B13C118289AB23F001D4626 /* OfficeCell.swift in Sources */ = {isa = PBXBuildFile; fileRef = 5B13C116289AB23F001D4626 /* OfficeCell.swift */; };
		5B13C119289AB23F001D4626 /* OfficeCell.xib in Resources */ = {isa = PBXBuildFile; fileRef = 5B13C117289AB23F001D4626 /* OfficeCell.xib */; };
		5B1A22CF289C3564003C10EA /* OfficeDetailCell.swift in Sources */ = {isa = PBXBuildFile; fileRef = 5B1A22CD289C3564003C10EA /* OfficeDetailCell.swift */; };
		5B1A22D0289C3564003C10EA /* OfficeDetailCell.xib in Resources */ = {isa = PBXBuildFile; fileRef = 5B1A22CE289C3564003C10EA /* OfficeDetailCell.xib */; };
		5B26C33328914F05003AE9B0 /* DrawTriangle.swift in Sources */ = {isa = PBXBuildFile; fileRef = 5B26C33228914F05003AE9B0 /* DrawTriangle.swift */; };
		5B29F48828A9793D0078AE24 /* UIImage.swift in Sources */ = {isa = PBXBuildFile; fileRef = 5B29F48728A9793D0078AE24 /* UIImage.swift */; };
		5B3AF64728A6EEF100D8C748 /* UIView.swift in Sources */ = {isa = PBXBuildFile; fileRef = 5B3AF64628A6EEF100D8C748 /* UIView.swift */; };
		5B5748AF28A6B0980084F5C1 /* FilterViewController.swift in Sources */ = {isa = PBXBuildFile; fileRef = 5B5748A828A6B0980084F5C1 /* FilterViewController.swift */; };
		5B5748B028A6B0980084F5C1 /* FilterPresenter.swift in Sources */ = {isa = PBXBuildFile; fileRef = 5B5748A928A6B0980084F5C1 /* FilterPresenter.swift */; };
		5B5748B128A6B0980084F5C1 /* FilterInteractor.swift in Sources */ = {isa = PBXBuildFile; fileRef = 5B5748AA28A6B0980084F5C1 /* FilterInteractor.swift */; };
		5B5748B228A6B0980084F5C1 /* FilterModels.swift in Sources */ = {isa = PBXBuildFile; fileRef = 5B5748AB28A6B0980084F5C1 /* FilterModels.swift */; };
		5B5748B328A6B0980084F5C1 /* FilterWorker.swift in Sources */ = {isa = PBXBuildFile; fileRef = 5B5748AC28A6B0980084F5C1 /* FilterWorker.swift */; };
		5B5748B428A6B0980084F5C1 /* FilterRouter.swift in Sources */ = {isa = PBXBuildFile; fileRef = 5B5748AD28A6B0980084F5C1 /* FilterRouter.swift */; };
		5B6DB24728A6C1CD0064CE86 /* Filter.storyboard in Resources */ = {isa = PBXBuildFile; fileRef = 5B6DB24628A6C1CD0064CE86 /* Filter.storyboard */; };
		5B84D33B289AA3BA00505E94 /* Login.storyboard in Resources */ = {isa = PBXBuildFile; fileRef = 5B84D334289AA3BA00505E94 /* Login.storyboard */; };
		5B84D33C289AA3BA00505E94 /* LoginViewController.swift in Sources */ = {isa = PBXBuildFile; fileRef = 5B84D335289AA3BA00505E94 /* LoginViewController.swift */; };
		5B84D33D289AA3BA00505E94 /* LoginPresenter.swift in Sources */ = {isa = PBXBuildFile; fileRef = 5B84D336289AA3BA00505E94 /* LoginPresenter.swift */; };
		5B84D33E289AA3BA00505E94 /* LoginInteractor.swift in Sources */ = {isa = PBXBuildFile; fileRef = 5B84D337289AA3BA00505E94 /* LoginInteractor.swift */; };
		5B84D33F289AA3BA00505E94 /* LoginModels.swift in Sources */ = {isa = PBXBuildFile; fileRef = 5B84D338289AA3BA00505E94 /* LoginModels.swift */; };
		5B84D340289AA3BA00505E94 /* LoginWorker.swift in Sources */ = {isa = PBXBuildFile; fileRef = 5B84D339289AA3BA00505E94 /* LoginWorker.swift */; };
		5B84D341289AA3BA00505E94 /* LoginRouter.swift in Sources */ = {isa = PBXBuildFile; fileRef = 5B84D33A289AA3BA00505E94 /* LoginRouter.swift */; };
		5B84D343289AA4B300505E94 /* Image.xcassets in Resources */ = {isa = PBXBuildFile; fileRef = 5B84D342289AA4B300505E94 /* Image.xcassets */; };
		5B9CD877289B0553006FCC4A /* OfficeDetail.storyboard in Resources */ = {isa = PBXBuildFile; fileRef = 5B9CD870289B0553006FCC4A /* OfficeDetail.storyboard */; };
		5B9CD878289B0553006FCC4A /* OfficeDetailViewController.swift in Sources */ = {isa = PBXBuildFile; fileRef = 5B9CD871289B0553006FCC4A /* OfficeDetailViewController.swift */; };
		5B9CD879289B0553006FCC4A /* OfficeDetailPresenter.swift in Sources */ = {isa = PBXBuildFile; fileRef = 5B9CD872289B0553006FCC4A /* OfficeDetailPresenter.swift */; };
		5B9CD87A289B0553006FCC4A /* OfficeDetailInteractor.swift in Sources */ = {isa = PBXBuildFile; fileRef = 5B9CD873289B0553006FCC4A /* OfficeDetailInteractor.swift */; };
		5B9CD87B289B0553006FCC4A /* OfficeDetailModels.swift in Sources */ = {isa = PBXBuildFile; fileRef = 5B9CD874289B0553006FCC4A /* OfficeDetailModels.swift */; };
		5B9CD87C289B0553006FCC4A /* OfficeDetailWorker.swift in Sources */ = {isa = PBXBuildFile; fileRef = 5B9CD875289B0553006FCC4A /* OfficeDetailWorker.swift */; };
		5B9CD87D289B0553006FCC4A /* OfficeDetailRouter.swift in Sources */ = {isa = PBXBuildFile; fileRef = 5B9CD876289B0553006FCC4A /* OfficeDetailRouter.swift */; };
		5B9CE2F7287347A60085859A /* AppDelegate.swift in Sources */ = {isa = PBXBuildFile; fileRef = 5B9CE2F6287347A60085859A /* AppDelegate.swift */; };
		5B9CE2F9287347A60085859A /* SceneDelegate.swift in Sources */ = {isa = PBXBuildFile; fileRef = 5B9CE2F8287347A60085859A /* SceneDelegate.swift */; };
		5B9CE300287347A70085859A /* Assets.xcassets in Resources */ = {isa = PBXBuildFile; fileRef = 5B9CE2FF287347A70085859A /* Assets.xcassets */; };
		5B9CE303287347A70085859A /* LaunchScreen.storyboard in Resources */ = {isa = PBXBuildFile; fileRef = 5B9CE301287347A70085859A /* LaunchScreen.storyboard */; };
		5B9CE30E287347A70085859A /* LookOfficesTests.swift in Sources */ = {isa = PBXBuildFile; fileRef = 5B9CE30D287347A70085859A /* LookOfficesTests.swift */; };
		5B9CE318287347A70085859A /* LookOfficesUITests.swift in Sources */ = {isa = PBXBuildFile; fileRef = 5B9CE317287347A70085859A /* LookOfficesUITests.swift */; };
		5B9CE31A287347A70085859A /* LookOfficesUITestsLaunchTests.swift in Sources */ = {isa = PBXBuildFile; fileRef = 5B9CE319287347A70085859A /* LookOfficesUITestsLaunchTests.swift */; };
		5BCD68282897A6BC0086F416 /* IQKeyboardManagerSwift in Frameworks */ = {isa = PBXBuildFile; productRef = 5BCD68272897A6BC0086F416 /* IQKeyboardManagerSwift */; };
		5BCE5CFF289821E200563B19 /* ListOfficesViewController.swift in Sources */ = {isa = PBXBuildFile; fileRef = 5BCE5CF8289821E200563B19 /* ListOfficesViewController.swift */; };
		5BCE5D00289821E200563B19 /* ListOfficesPresenter.swift in Sources */ = {isa = PBXBuildFile; fileRef = 5BCE5CF9289821E200563B19 /* ListOfficesPresenter.swift */; };
		5BCE5D01289821E200563B19 /* ListOfficesInteractor.swift in Sources */ = {isa = PBXBuildFile; fileRef = 5BCE5CFA289821E200563B19 /* ListOfficesInteractor.swift */; };
		5BCE5D02289821E200563B19 /* ListOfficesModels.swift in Sources */ = {isa = PBXBuildFile; fileRef = 5BCE5CFB289821E200563B19 /* ListOfficesModels.swift */; };
		5BCE5D0C2898297900563B19 /* OfficesResponse.swift in Sources */ = {isa = PBXBuildFile; fileRef = 5BCE5D0B2898297800563B19 /* OfficesResponse.swift */; };
		5BD2E47028A0F33E004D6E1A /* NetworkManager.swift in Sources */ = {isa = PBXBuildFile; fileRef = 5BD2E46F28A0F33E004D6E1A /* NetworkManager.swift */; };
/* End PBXBuildFile section */

/* Begin PBXContainerItemProxy section */
		5B9CE30A287347A70085859A /* PBXContainerItemProxy */ = {
			isa = PBXContainerItemProxy;
			containerPortal = 5B9CE2EB287347A60085859A /* Project object */;
			proxyType = 1;
			remoteGlobalIDString = 5B9CE2F2287347A60085859A;
			remoteInfo = LookOffices;
		};
		5B9CE314287347A70085859A /* PBXContainerItemProxy */ = {
			isa = PBXContainerItemProxy;
			containerPortal = 5B9CE2EB287347A60085859A /* Project object */;
			proxyType = 1;
			remoteGlobalIDString = 5B9CE2F2287347A60085859A;
			remoteInfo = LookOffices;
		};
/* End PBXContainerItemProxy section */

/* Begin PBXFileReference section */
		3DD7D6E0289968E2004A9F6F /* UIButton.swift */ = {isa = PBXFileReference; lastKnownFileType = sourcecode.swift; path = UIButton.swift; sourceTree = "<group>"; };
		5B10CE53289D5D7700FEBB5B /* OfficeDetailDataCell.swift */ = {isa = PBXFileReference; lastKnownFileType = sourcecode.swift; path = OfficeDetailDataCell.swift; sourceTree = "<group>"; };
		5B10CE54289D5D7700FEBB5B /* OfficeDetailDataCell.xib */ = {isa = PBXFileReference; lastKnownFileType = file.xib; path = OfficeDetailDataCell.xib; sourceTree = "<group>"; };
		5B10CE7328A026FF00FEBB5B /* Section.swift */ = {isa = PBXFileReference; lastKnownFileType = sourcecode.swift; path = Section.swift; sourceTree = "<group>"; };
		5B13C0FB289AA9DD001D4626 /* ListOfficesRouter.swift */ = {isa = PBXFileReference; lastKnownFileType = sourcecode.swift; path = ListOfficesRouter.swift; sourceTree = "<group>"; };
		5B13C0FD289AAA41001D4626 /* ListOfficesWorker.swift */ = {isa = PBXFileReference; lastKnownFileType = sourcecode.swift; path = ListOfficesWorker.swift; sourceTree = "<group>"; };
		5B13C0FF289AAA87001D4626 /* AppConstants.swift */ = {isa = PBXFileReference; lastKnownFileType = sourcecode.swift; path = AppConstants.swift; sourceTree = "<group>"; };
		5B13C101289AAAE0001D4626 /* UIColor.swift */ = {isa = PBXFileReference; lastKnownFileType = sourcecode.swift; path = UIColor.swift; sourceTree = "<group>"; };
		5B13C103289AADF1001D4626 /* Register.storyboard */ = {isa = PBXFileReference; lastKnownFileType = file.storyboard; path = Register.storyboard; sourceTree = "<group>"; };
		5B13C104289AADF1001D4626 /* RegisterViewController.swift */ = {isa = PBXFileReference; lastKnownFileType = sourcecode.swift; path = RegisterViewController.swift; sourceTree = "<group>"; };
		5B13C105289AADF1001D4626 /* RegisterPresenter.swift */ = {isa = PBXFileReference; lastKnownFileType = sourcecode.swift; path = RegisterPresenter.swift; sourceTree = "<group>"; };
		5B13C106289AADF1001D4626 /* RegisterInteractor.swift */ = {isa = PBXFileReference; lastKnownFileType = sourcecode.swift; path = RegisterInteractor.swift; sourceTree = "<group>"; };
		5B13C107289AADF1001D4626 /* RegisterModels.swift */ = {isa = PBXFileReference; lastKnownFileType = sourcecode.swift; path = RegisterModels.swift; sourceTree = "<group>"; };
		5B13C108289AADF1001D4626 /* RegisterWorker.swift */ = {isa = PBXFileReference; lastKnownFileType = sourcecode.swift; path = RegisterWorker.swift; sourceTree = "<group>"; };
		5B13C109289AADF1001D4626 /* RegisterRouter.swift */ = {isa = PBXFileReference; lastKnownFileType = sourcecode.swift; path = RegisterRouter.swift; sourceTree = "<group>"; };
		5B13C114289AB115001D4626 /* ListOffices.storyboard */ = {isa = PBXFileReference; lastKnownFileType = file.storyboard; path = ListOffices.storyboard; sourceTree = "<group>"; };
		5B13C116289AB23F001D4626 /* OfficeCell.swift */ = {isa = PBXFileReference; lastKnownFileType = sourcecode.swift; path = OfficeCell.swift; sourceTree = "<group>"; };
		5B13C117289AB23F001D4626 /* OfficeCell.xib */ = {isa = PBXFileReference; lastKnownFileType = file.xib; path = OfficeCell.xib; sourceTree = "<group>"; };
		5B1A22CD289C3564003C10EA /* OfficeDetailCell.swift */ = {isa = PBXFileReference; lastKnownFileType = sourcecode.swift; path = OfficeDetailCell.swift; sourceTree = "<group>"; };
		5B1A22CE289C3564003C10EA /* OfficeDetailCell.xib */ = {isa = PBXFileReference; lastKnownFileType = file.xib; path = OfficeDetailCell.xib; sourceTree = "<group>"; };
		5B26C33228914F05003AE9B0 /* DrawTriangle.swift */ = {isa = PBXFileReference; lastKnownFileType = sourcecode.swift; path = DrawTriangle.swift; sourceTree = "<group>"; };
		5B29F48728A9793D0078AE24 /* UIImage.swift */ = {isa = PBXFileReference; lastKnownFileType = sourcecode.swift; path = UIImage.swift; sourceTree = "<group>"; };
		5B3AF64628A6EEF100D8C748 /* UIView.swift */ = {isa = PBXFileReference; lastKnownFileType = sourcecode.swift; path = UIView.swift; sourceTree = "<group>"; };
		5B5748A828A6B0980084F5C1 /* FilterViewController.swift */ = {isa = PBXFileReference; lastKnownFileType = sourcecode.swift; path = FilterViewController.swift; sourceTree = "<group>"; };
		5B5748A928A6B0980084F5C1 /* FilterPresenter.swift */ = {isa = PBXFileReference; lastKnownFileType = sourcecode.swift; path = FilterPresenter.swift; sourceTree = "<group>"; };
		5B5748AA28A6B0980084F5C1 /* FilterInteractor.swift */ = {isa = PBXFileReference; lastKnownFileType = sourcecode.swift; path = FilterInteractor.swift; sourceTree = "<group>"; };
		5B5748AB28A6B0980084F5C1 /* FilterModels.swift */ = {isa = PBXFileReference; lastKnownFileType = sourcecode.swift; path = FilterModels.swift; sourceTree = "<group>"; };
		5B5748AC28A6B0980084F5C1 /* FilterWorker.swift */ = {isa = PBXFileReference; lastKnownFileType = sourcecode.swift; path = FilterWorker.swift; sourceTree = "<group>"; };
		5B5748AD28A6B0980084F5C1 /* FilterRouter.swift */ = {isa = PBXFileReference; lastKnownFileType = sourcecode.swift; path = FilterRouter.swift; sourceTree = "<group>"; };
		5B6DB24628A6C1CD0064CE86 /* Filter.storyboard */ = {isa = PBXFileReference; lastKnownFileType = file.storyboard; path = Filter.storyboard; sourceTree = "<group>"; };
		5B84D334289AA3BA00505E94 /* Login.storyboard */ = {isa = PBXFileReference; lastKnownFileType = file.storyboard; path = Login.storyboard; sourceTree = "<group>"; };
		5B84D335289AA3BA00505E94 /* LoginViewController.swift */ = {isa = PBXFileReference; lastKnownFileType = sourcecode.swift; path = LoginViewController.swift; sourceTree = "<group>"; };
		5B84D336289AA3BA00505E94 /* LoginPresenter.swift */ = {isa = PBXFileReference; lastKnownFileType = sourcecode.swift; path = LoginPresenter.swift; sourceTree = "<group>"; };
		5B84D337289AA3BA00505E94 /* LoginInteractor.swift */ = {isa = PBXFileReference; lastKnownFileType = sourcecode.swift; path = LoginInteractor.swift; sourceTree = "<group>"; };
		5B84D338289AA3BA00505E94 /* LoginModels.swift */ = {isa = PBXFileReference; lastKnownFileType = sourcecode.swift; path = LoginModels.swift; sourceTree = "<group>"; };
		5B84D339289AA3BA00505E94 /* LoginWorker.swift */ = {isa = PBXFileReference; lastKnownFileType = sourcecode.swift; path = LoginWorker.swift; sourceTree = "<group>"; };
		5B84D33A289AA3BA00505E94 /* LoginRouter.swift */ = {isa = PBXFileReference; lastKnownFileType = sourcecode.swift; path = LoginRouter.swift; sourceTree = "<group>"; };
		5B84D342289AA4B300505E94 /* Image.xcassets */ = {isa = PBXFileReference; lastKnownFileType = folder.assetcatalog; path = Image.xcassets; sourceTree = "<group>"; };
		5B8D92112873687E002DF1D1 /* LookOffices.entitlements */ = {isa = PBXFileReference; lastKnownFileType = text.plist.entitlements; path = LookOffices.entitlements; sourceTree = "<group>"; };
		5B9CD870289B0553006FCC4A /* OfficeDetail.storyboard */ = {isa = PBXFileReference; lastKnownFileType = file.storyboard; path = OfficeDetail.storyboard; sourceTree = "<group>"; };
		5B9CD871289B0553006FCC4A /* OfficeDetailViewController.swift */ = {isa = PBXFileReference; lastKnownFileType = sourcecode.swift; path = OfficeDetailViewController.swift; sourceTree = "<group>"; };
		5B9CD872289B0553006FCC4A /* OfficeDetailPresenter.swift */ = {isa = PBXFileReference; lastKnownFileType = sourcecode.swift; path = OfficeDetailPresenter.swift; sourceTree = "<group>"; };
		5B9CD873289B0553006FCC4A /* OfficeDetailInteractor.swift */ = {isa = PBXFileReference; lastKnownFileType = sourcecode.swift; path = OfficeDetailInteractor.swift; sourceTree = "<group>"; };
		5B9CD874289B0553006FCC4A /* OfficeDetailModels.swift */ = {isa = PBXFileReference; lastKnownFileType = sourcecode.swift; path = OfficeDetailModels.swift; sourceTree = "<group>"; };
		5B9CD875289B0553006FCC4A /* OfficeDetailWorker.swift */ = {isa = PBXFileReference; lastKnownFileType = sourcecode.swift; path = OfficeDetailWorker.swift; sourceTree = "<group>"; };
		5B9CD876289B0553006FCC4A /* OfficeDetailRouter.swift */ = {isa = PBXFileReference; lastKnownFileType = sourcecode.swift; path = OfficeDetailRouter.swift; sourceTree = "<group>"; };
		5B9CE2F3287347A60085859A /* LookOfficesDev.app */ = {isa = PBXFileReference; explicitFileType = wrapper.application; includeInIndex = 0; path = LookOfficesDev.app; sourceTree = BUILT_PRODUCTS_DIR; };
		5B9CE2F6287347A60085859A /* AppDelegate.swift */ = {isa = PBXFileReference; lastKnownFileType = sourcecode.swift; path = AppDelegate.swift; sourceTree = "<group>"; };
		5B9CE2F8287347A60085859A /* SceneDelegate.swift */ = {isa = PBXFileReference; lastKnownFileType = sourcecode.swift; path = SceneDelegate.swift; sourceTree = "<group>"; };
		5B9CE2FF287347A70085859A /* Assets.xcassets */ = {isa = PBXFileReference; lastKnownFileType = folder.assetcatalog; path = Assets.xcassets; sourceTree = "<group>"; };
		5B9CE302287347A70085859A /* Base */ = {isa = PBXFileReference; lastKnownFileType = file.storyboard; name = Base; path = Base.lproj/LaunchScreen.storyboard; sourceTree = "<group>"; };
		5B9CE304287347A70085859A /* Info.plist */ = {isa = PBXFileReference; lastKnownFileType = text.plist.xml; path = Info.plist; sourceTree = "<group>"; };
		5B9CE309287347A70085859A /* LookOfficesTests.xctest */ = {isa = PBXFileReference; explicitFileType = wrapper.cfbundle; includeInIndex = 0; path = LookOfficesTests.xctest; sourceTree = BUILT_PRODUCTS_DIR; };
		5B9CE30D287347A70085859A /* LookOfficesTests.swift */ = {isa = PBXFileReference; lastKnownFileType = sourcecode.swift; path = LookOfficesTests.swift; sourceTree = "<group>"; };
		5B9CE313287347A70085859A /* LookOfficesUITests.xctest */ = {isa = PBXFileReference; explicitFileType = wrapper.cfbundle; includeInIndex = 0; path = LookOfficesUITests.xctest; sourceTree = BUILT_PRODUCTS_DIR; };
		5B9CE317287347A70085859A /* LookOfficesUITests.swift */ = {isa = PBXFileReference; lastKnownFileType = sourcecode.swift; path = LookOfficesUITests.swift; sourceTree = "<group>"; };
		5B9CE319287347A70085859A /* LookOfficesUITestsLaunchTests.swift */ = {isa = PBXFileReference; lastKnownFileType = sourcecode.swift; path = LookOfficesUITestsLaunchTests.swift; sourceTree = "<group>"; };
		5B9CE327287348890085859A /* Development.xcconfig */ = {isa = PBXFileReference; lastKnownFileType = text.xcconfig; path = Development.xcconfig; sourceTree = "<group>"; };
		5B9CE328287348DC0085859A /* Production.xcconfig */ = {isa = PBXFileReference; lastKnownFileType = text.xcconfig; path = Production.xcconfig; sourceTree = "<group>"; };
		5BCE5CF8289821E200563B19 /* ListOfficesViewController.swift */ = {isa = PBXFileReference; lastKnownFileType = sourcecode.swift; path = ListOfficesViewController.swift; sourceTree = "<group>"; };
		5BCE5CF9289821E200563B19 /* ListOfficesPresenter.swift */ = {isa = PBXFileReference; lastKnownFileType = sourcecode.swift; path = ListOfficesPresenter.swift; sourceTree = "<group>"; };
		5BCE5CFA289821E200563B19 /* ListOfficesInteractor.swift */ = {isa = PBXFileReference; lastKnownFileType = sourcecode.swift; path = ListOfficesInteractor.swift; sourceTree = "<group>"; };
		5BCE5CFB289821E200563B19 /* ListOfficesModels.swift */ = {isa = PBXFileReference; lastKnownFileType = sourcecode.swift; path = ListOfficesModels.swift; sourceTree = "<group>"; };
		5BCE5D0B2898297800563B19 /* OfficesResponse.swift */ = {isa = PBXFileReference; lastKnownFileType = sourcecode.swift; path = OfficesResponse.swift; sourceTree = "<group>"; };
		5BD2E46F28A0F33E004D6E1A /* NetworkManager.swift */ = {isa = PBXFileReference; lastKnownFileType = sourcecode.swift; path = NetworkManager.swift; sourceTree = "<group>"; };
/* End PBXFileReference section */

/* Begin PBXFrameworksBuildPhase section */
		5B9CE2F0287347A60085859A /* Frameworks */ = {
			isa = PBXFrameworksBuildPhase;
			buildActionMask = 2147483647;
			files = (
				3DE8C80428995B2100391DAC /* SDWebImage in Frameworks */,
				5BCD68282897A6BC0086F416 /* IQKeyboardManagerSwift in Frameworks */,
			);
			runOnlyForDeploymentPostprocessing = 0;
		};
		5B9CE306287347A70085859A /* Frameworks */ = {
			isa = PBXFrameworksBuildPhase;
			buildActionMask = 2147483647;
			files = (
			);
			runOnlyForDeploymentPostprocessing = 0;
		};
		5B9CE310287347A70085859A /* Frameworks */ = {
			isa = PBXFrameworksBuildPhase;
			buildActionMask = 2147483647;
			files = (
			);
			runOnlyForDeploymentPostprocessing = 0;
		};
/* End PBXFrameworksBuildPhase section */

/* Begin PBXGroup section */
		3DD7D6DE2899679C004A9F6F /* API */ = {
			isa = PBXGroup;
			children = (
				5BCE5D0D2898297D00563B19 /* Response */,
			);
			path = API;
			sourceTree = "<group>";
		};
		3DD7D6DF289968C6004A9F6F /* Extension */ = {
			isa = PBXGroup;
			children = (
				3DD7D6E0289968E2004A9F6F /* UIButton.swift */,
				5B3AF64628A6EEF100D8C748 /* UIView.swift */,
				5B29F48728A9793D0078AE24 /* UIImage.swift */,
				5B13C101289AAAE0001D4626 /* UIColor.swift */,
			);
			path = Extension;
			sourceTree = "<group>";
		};
		5B13C111289AAEA4001D4626 /* View */ = {
			isa = PBXGroup;
			children = (
				5B26C33228914F05003AE9B0 /* DrawTriangle.swift */,
			);
			path = View;
			sourceTree = "<group>";
		};
		5B1A22CC289C3546003C10EA /* View */ = {
			isa = PBXGroup;
			children = (
				5B1A22CD289C3564003C10EA /* OfficeDetailCell.swift */,
				5B1A22CE289C3564003C10EA /* OfficeDetailCell.xib */,
				5B10CE53289D5D7700FEBB5B /* OfficeDetailDataCell.swift */,
				5B10CE54289D5D7700FEBB5B /* OfficeDetailDataCell.xib */,
				5B10CE7328A026FF00FEBB5B /* Section.swift */,
			);
			path = View;
			sourceTree = "<group>";
		};
		5B3814E328A7EA85007066FD /* Scenes */ = {
			isa = PBXGroup;
			children = (
				5BE4E62C288FFFBF009FF44B /* Login */,
				5BC0638E289022D6004FA4FA /* Register */,
				5BCE5D05289821FF00563B19 /* ListOffices */,
				5B9CD86F289B0507006FCC4A /* OfficeDetail */,
				5B5748A628A6B0650084F5C1 /* Filter */,
			);
			path = Scenes;
			sourceTree = "<group>";
		};
		5B3814E428A7EAFE007066FD /* Resource */ = {
			isa = PBXGroup;
			children = (
				3DD7D6DF289968C6004A9F6F /* Extension */,
				5BCE5D112899482D00563B19 /* ImageColor */,
			);
			path = Resource;
			sourceTree = "<group>";
		};
		5B5748A628A6B0650084F5C1 /* Filter */ = {
			isa = PBXGroup;
			children = (
				5B6DB24628A6C1CD0064CE86 /* Filter.storyboard */,
				5B5748A828A6B0980084F5C1 /* FilterViewController.swift */,
				5B5748A928A6B0980084F5C1 /* FilterPresenter.swift */,
				5B5748AA28A6B0980084F5C1 /* FilterInteractor.swift */,
				5B5748AB28A6B0980084F5C1 /* FilterModels.swift */,
				5B5748AC28A6B0980084F5C1 /* FilterWorker.swift */,
				5B5748AD28A6B0980084F5C1 /* FilterRouter.swift */,
			);
			path = Filter;
			sourceTree = "<group>";
		};
		5B84D327289AA1C200505E94 /* System */ = {
			isa = PBXGroup;
			children = (
				5B9CE304287347A70085859A /* Info.plist */,
				5B9CE2F6287347A60085859A /* AppDelegate.swift */,
				5B9CE2F8287347A60085859A /* SceneDelegate.swift */,
				5B13C0FF289AAA87001D4626 /* AppConstants.swift */,
			);
			path = System;
			sourceTree = "<group>";
		};
		5B9CD86F289B0507006FCC4A /* OfficeDetail */ = {
			isa = PBXGroup;
			children = (
				5B1A22CC289C3546003C10EA /* View */,
				5B9CD870289B0553006FCC4A /* OfficeDetail.storyboard */,
				5B9CD871289B0553006FCC4A /* OfficeDetailViewController.swift */,
				5B9CD872289B0553006FCC4A /* OfficeDetailPresenter.swift */,
				5B9CD873289B0553006FCC4A /* OfficeDetailInteractor.swift */,
				5B9CD874289B0553006FCC4A /* OfficeDetailModels.swift */,
				5B9CD875289B0553006FCC4A /* OfficeDetailWorker.swift */,
				5B9CD876289B0553006FCC4A /* OfficeDetailRouter.swift */,
			);
			path = OfficeDetail;
			sourceTree = "<group>";
		};
		5B9CE2EA287347A60085859A = {
			isa = PBXGroup;
			children = (
				5B9CE3262873484F0085859A /* Configuration */,
				5B9CE2F5287347A60085859A /* LookOffices */,
				5B9CE30C287347A70085859A /* LookOfficesTests */,
				5B9CE316287347A70085859A /* LookOfficesUITests */,
				5B9CE2F4287347A60085859A /* Products */,
			);
			sourceTree = "<group>";
		};
		5B9CE2F4287347A60085859A /* Products */ = {
			isa = PBXGroup;
			children = (
				5B9CE2F3287347A60085859A /* LookOfficesDev.app */,
				5B9CE309287347A70085859A /* LookOfficesTests.xctest */,
				5B9CE313287347A70085859A /* LookOfficesUITests.xctest */,
			);
			name = Products;
			sourceTree = "<group>";
		};
		5B9CE2F5287347A60085859A /* LookOffices */ = {
			isa = PBXGroup;
			children = (
				5B3814E328A7EA85007066FD /* Scenes */,
				5B3814E428A7EAFE007066FD /* Resource */,
				5BD2E46E28A0F287004D6E1A /* Network */,
				5B8D92112873687E002DF1D1 /* LookOffices.entitlements */,
				3DD7D6DE2899679C004A9F6F /* API */,
				5B84D327289AA1C200505E94 /* System */,
			);
			path = LookOffices;
			sourceTree = "<group>";
		};
		5B9CE30C287347A70085859A /* LookOfficesTests */ = {
			isa = PBXGroup;
			children = (
				5B9CE30D287347A70085859A /* LookOfficesTests.swift */,
			);
			path = LookOfficesTests;
			sourceTree = "<group>";
		};
		5B9CE316287347A70085859A /* LookOfficesUITests */ = {
			isa = PBXGroup;
			children = (
				5B9CE317287347A70085859A /* LookOfficesUITests.swift */,
				5B9CE319287347A70085859A /* LookOfficesUITestsLaunchTests.swift */,
			);
			path = LookOfficesUITests;
			sourceTree = "<group>";
		};
		5B9CE3262873484F0085859A /* Configuration */ = {
			isa = PBXGroup;
			children = (
				5B9CE327287348890085859A /* Development.xcconfig */,
				5B9CE328287348DC0085859A /* Production.xcconfig */,
			);
			path = Configuration;
			sourceTree = "<group>";
		};
		5BC0638E289022D6004FA4FA /* Register */ = {
			isa = PBXGroup;
			children = (
				5B13C103289AADF1001D4626 /* Register.storyboard */,
				5B13C104289AADF1001D4626 /* RegisterViewController.swift */,
				5B13C105289AADF1001D4626 /* RegisterPresenter.swift */,
				5B13C106289AADF1001D4626 /* RegisterInteractor.swift */,
				5B13C107289AADF1001D4626 /* RegisterModels.swift */,
				5B13C108289AADF1001D4626 /* RegisterWorker.swift */,
				5B13C109289AADF1001D4626 /* RegisterRouter.swift */,
			);
			path = Register;
			sourceTree = "<group>";
		};
		5BCE5D05289821FF00563B19 /* ListOffices */ = {
			isa = PBXGroup;
			children = (
				5BCE5D06289826C000563B19 /* Views */,
				5BCE5CF8289821E200563B19 /* ListOfficesViewController.swift */,
				5BCE5CFA289821E200563B19 /* ListOfficesInteractor.swift */,
				5BCE5CF9289821E200563B19 /* ListOfficesPresenter.swift */,
				5BCE5CFB289821E200563B19 /* ListOfficesModels.swift */,
				5B13C0FB289AA9DD001D4626 /* ListOfficesRouter.swift */,
				5B13C0FD289AAA41001D4626 /* ListOfficesWorker.swift */,
				5B13C114289AB115001D4626 /* ListOffices.storyboard */,
			);
			path = ListOffices;
			sourceTree = "<group>";
		};
		5BCE5D06289826C000563B19 /* Views */ = {
			isa = PBXGroup;
			children = (
				5B13C116289AB23F001D4626 /* OfficeCell.swift */,
				5B13C117289AB23F001D4626 /* OfficeCell.xib */,
			);
			path = Views;
			sourceTree = "<group>";
		};
		5BCE5D0D2898297D00563B19 /* Response */ = {
			isa = PBXGroup;
			children = (
				5BCE5D0B2898297800563B19 /* OfficesResponse.swift */,
			);
			path = Response;
			sourceTree = "<group>";
		};
		5BCE5D112899482D00563B19 /* ImageColor */ = {
			isa = PBXGroup;
			children = (
				5B9CE2FF287347A70085859A /* Assets.xcassets */,
				5B84D342289AA4B300505E94 /* Image.xcassets */,
			);
			path = ImageColor;
			sourceTree = "<group>";
		};
		5BD2E46E28A0F287004D6E1A /* Network */ = {
			isa = PBXGroup;
			children = (
				5BD2E46F28A0F33E004D6E1A /* NetworkManager.swift */,
			);
			path = Network;
			sourceTree = "<group>";
		};
		5BE4E62C288FFFBF009FF44B /* Login */ = {
			isa = PBXGroup;
			children = (
				5B13C111289AAEA4001D4626 /* View */,
				5B9CE301287347A70085859A /* LaunchScreen.storyboard */,
				5B84D334289AA3BA00505E94 /* Login.storyboard */,
				5B84D335289AA3BA00505E94 /* LoginViewController.swift */,
				5B84D336289AA3BA00505E94 /* LoginPresenter.swift */,
				5B84D337289AA3BA00505E94 /* LoginInteractor.swift */,
				5B84D338289AA3BA00505E94 /* LoginModels.swift */,
				5B84D339289AA3BA00505E94 /* LoginWorker.swift */,
				5B84D33A289AA3BA00505E94 /* LoginRouter.swift */,
			);
			path = Login;
			sourceTree = "<group>";
		};
/* End PBXGroup section */

/* Begin PBXNativeTarget section */
		5B9CE2F2287347A60085859A /* LookOffices */ = {
			isa = PBXNativeTarget;
			buildConfigurationList = 5B9CE31D287347A70085859A /* Build configuration list for PBXNativeTarget "LookOffices" */;
			buildPhases = (
				5B9CE2EF287347A60085859A /* Sources */,
				5B9CE2F0287347A60085859A /* Frameworks */,
				5B9CE2F1287347A60085859A /* Resources */,
			);
			buildRules = (
			);
			dependencies = (
			);
			name = LookOffices;
			packageProductDependencies = (
				5BCD68272897A6BC0086F416 /* IQKeyboardManagerSwift */,
				3DE8C80328995B2100391DAC /* SDWebImage */,
			);
			productName = LookOffices;
			productReference = 5B9CE2F3287347A60085859A /* LookOfficesDev.app */;
			productType = "com.apple.product-type.application";
		};
		5B9CE308287347A70085859A /* LookOfficesTests */ = {
			isa = PBXNativeTarget;
			buildConfigurationList = 5B9CE320287347A70085859A /* Build configuration list for PBXNativeTarget "LookOfficesTests" */;
			buildPhases = (
				5B9CE305287347A70085859A /* Sources */,
				5B9CE306287347A70085859A /* Frameworks */,
				5B9CE307287347A70085859A /* Resources */,
			);
			buildRules = (
			);
			dependencies = (
				5B9CE30B287347A70085859A /* PBXTargetDependency */,
			);
			name = LookOfficesTests;
			productName = LookOfficesTests;
			productReference = 5B9CE309287347A70085859A /* LookOfficesTests.xctest */;
			productType = "com.apple.product-type.bundle.unit-test";
		};
		5B9CE312287347A70085859A /* LookOfficesUITests */ = {
			isa = PBXNativeTarget;
			buildConfigurationList = 5B9CE323287347A70085859A /* Build configuration list for PBXNativeTarget "LookOfficesUITests" */;
			buildPhases = (
				5B9CE30F287347A70085859A /* Sources */,
				5B9CE310287347A70085859A /* Frameworks */,
				5B9CE311287347A70085859A /* Resources */,
			);
			buildRules = (
			);
			dependencies = (
				5B9CE315287347A70085859A /* PBXTargetDependency */,
			);
			name = LookOfficesUITests;
			productName = LookOfficesUITests;
			productReference = 5B9CE313287347A70085859A /* LookOfficesUITests.xctest */;
			productType = "com.apple.product-type.bundle.ui-testing";
		};
/* End PBXNativeTarget section */

/* Begin PBXProject section */
		5B9CE2EB287347A60085859A /* Project object */ = {
			isa = PBXProject;
			attributes = {
				BuildIndependentTargetsInParallel = 1;
				LastSwiftUpdateCheck = 1340;
				LastUpgradeCheck = 1340;
				TargetAttributes = {
					5B9CE2F2287347A60085859A = {
						CreatedOnToolsVersion = 13.4.1;
					};
					5B9CE308287347A70085859A = {
						CreatedOnToolsVersion = 13.4.1;
						TestTargetID = 5B9CE2F2287347A60085859A;
					};
					5B9CE312287347A70085859A = {
						CreatedOnToolsVersion = 13.4.1;
						TestTargetID = 5B9CE2F2287347A60085859A;
					};
				};
			};
			buildConfigurationList = 5B9CE2EE287347A60085859A /* Build configuration list for PBXProject "LookOffices" */;
			compatibilityVersion = "Xcode 13.0";
			developmentRegion = en;
			hasScannedForEncodings = 0;
			knownRegions = (
				en,
				Base,
			);
			mainGroup = 5B9CE2EA287347A60085859A;
			packageReferences = (
				5BCD68262897A6BC0086F416 /* XCRemoteSwiftPackageReference "IQKeyboardManager" */,
				3DE8C80228995B2100391DAC /* XCRemoteSwiftPackageReference "SDWebImage" */,
			);
			productRefGroup = 5B9CE2F4287347A60085859A /* Products */;
			projectDirPath = "";
			projectRoot = "";
			targets = (
				5B9CE2F2287347A60085859A /* LookOffices */,
				5B9CE308287347A70085859A /* LookOfficesTests */,
				5B9CE312287347A70085859A /* LookOfficesUITests */,
			);
		};
/* End PBXProject section */

/* Begin PBXResourcesBuildPhase section */
		5B9CE2F1287347A60085859A /* Resources */ = {
			isa = PBXResourcesBuildPhase;
			buildActionMask = 2147483647;
			files = (
				5B84D33B289AA3BA00505E94 /* Login.storyboard in Resources */,
				5B9CE303287347A70085859A /* LaunchScreen.storyboard in Resources */,
				5B6DB24728A6C1CD0064CE86 /* Filter.storyboard in Resources */,
				5B13C115289AB115001D4626 /* ListOffices.storyboard in Resources */,
				5B84D343289AA4B300505E94 /* Image.xcassets in Resources */,
				5B9CE300287347A70085859A /* Assets.xcassets in Resources */,
				5B9CD877289B0553006FCC4A /* OfficeDetail.storyboard in Resources */,
				5B1A22D0289C3564003C10EA /* OfficeDetailCell.xib in Resources */,
				5B13C10A289AADF1001D4626 /* Register.storyboard in Resources */,
				5B10CE56289D5D7700FEBB5B /* OfficeDetailDataCell.xib in Resources */,
				5B13C119289AB23F001D4626 /* OfficeCell.xib in Resources */,
			);
			runOnlyForDeploymentPostprocessing = 0;
		};
		5B9CE307287347A70085859A /* Resources */ = {
			isa = PBXResourcesBuildPhase;
			buildActionMask = 2147483647;
			files = (
			);
			runOnlyForDeploymentPostprocessing = 0;
		};
		5B9CE311287347A70085859A /* Resources */ = {
			isa = PBXResourcesBuildPhase;
			buildActionMask = 2147483647;
			files = (
			);
			runOnlyForDeploymentPostprocessing = 0;
		};
/* End PBXResourcesBuildPhase section */

/* Begin PBXSourcesBuildPhase section */
		5B9CE2EF287347A60085859A /* Sources */ = {
			isa = PBXSourcesBuildPhase;
			buildActionMask = 2147483647;
			files = (
				5B84D33C289AA3BA00505E94 /* LoginViewController.swift in Sources */,
				5B26C33328914F05003AE9B0 /* DrawTriangle.swift in Sources */,
				5BCE5D00289821E200563B19 /* ListOfficesPresenter.swift in Sources */,
				5B84D33E289AA3BA00505E94 /* LoginInteractor.swift in Sources */,
				5B13C100289AAA87001D4626 /* AppConstants.swift in Sources */,
				5B13C110289AADF1001D4626 /* RegisterRouter.swift in Sources */,
				5B29F48828A9793D0078AE24 /* UIImage.swift in Sources */,
				5B84D340289AA3BA00505E94 /* LoginWorker.swift in Sources */,
				5BCE5D0C2898297900563B19 /* OfficesResponse.swift in Sources */,
				5B10CE55289D5D7700FEBB5B /* OfficeDetailDataCell.swift in Sources */,
				5B10CE7428A026FF00FEBB5B /* Section.swift in Sources */,
				5B13C10C289AADF1001D4626 /* RegisterPresenter.swift in Sources */,
				5B13C102289AAAE0001D4626 /* UIColor.swift in Sources */,
				5B13C10F289AADF1001D4626 /* RegisterWorker.swift in Sources */,
				5B5748B228A6B0980084F5C1 /* FilterModels.swift in Sources */,
				5B9CE2F7287347A60085859A /* AppDelegate.swift in Sources */,
				5B9CD87C289B0553006FCC4A /* OfficeDetailWorker.swift in Sources */,
				5BCE5CFF289821E200563B19 /* ListOfficesViewController.swift in Sources */,
				5BCE5D01289821E200563B19 /* ListOfficesInteractor.swift in Sources */,
				5B13C10E289AADF1001D4626 /* RegisterModels.swift in Sources */,
				5B1A22CF289C3564003C10EA /* OfficeDetailCell.swift in Sources */,
				5BD2E47028A0F33E004D6E1A /* NetworkManager.swift in Sources */,
				5BCE5D02289821E200563B19 /* ListOfficesModels.swift in Sources */,
				5B84D33D289AA3BA00505E94 /* LoginPresenter.swift in Sources */,
				5B13C0FC289AA9DD001D4626 /* ListOfficesRouter.swift in Sources */,
				5B3AF64728A6EEF100D8C748 /* UIView.swift in Sources */,
				5B13C10B289AADF1001D4626 /* RegisterViewController.swift in Sources */,
				5B84D33F289AA3BA00505E94 /* LoginModels.swift in Sources */,
				5B84D341289AA3BA00505E94 /* LoginRouter.swift in Sources */,
				3DD7D6E1289968E2004A9F6F /* UIButton.swift in Sources */,
				5B9CD878289B0553006FCC4A /* OfficeDetailViewController.swift in Sources */,
				5B9CD87B289B0553006FCC4A /* OfficeDetailModels.swift in Sources */,
				5B13C118289AB23F001D4626 /* OfficeCell.swift in Sources */,
				5B13C10D289AADF1001D4626 /* RegisterInteractor.swift in Sources */,
				5B9CD87D289B0553006FCC4A /* OfficeDetailRouter.swift in Sources */,
				5B5748AF28A6B0980084F5C1 /* FilterViewController.swift in Sources */,
				5B9CD87A289B0553006FCC4A /* OfficeDetailInteractor.swift in Sources */,
				5B5748B428A6B0980084F5C1 /* FilterRouter.swift in Sources */,
				5B9CE2F7287347A60085859A /* AppDelegate.swift in Sources */,
				5B9CE2F9287347A60085859A /* SceneDelegate.swift in Sources */,
				5B13C0FE289AAA41001D4626 /* ListOfficesWorker.swift in Sources */,
				5B5748B028A6B0980084F5C1 /* FilterPresenter.swift in Sources */,
				5B5748B328A6B0980084F5C1 /* FilterWorker.swift in Sources */,
				5B9CD879289B0553006FCC4A /* OfficeDetailPresenter.swift in Sources */,
				5B5748B128A6B0980084F5C1 /* FilterInteractor.swift in Sources */,
			);
			runOnlyForDeploymentPostprocessing = 0;
		};
		5B9CE305287347A70085859A /* Sources */ = {
			isa = PBXSourcesBuildPhase;
			buildActionMask = 2147483647;
			files = (
				5B9CE30E287347A70085859A /* LookOfficesTests.swift in Sources */,
			);
			runOnlyForDeploymentPostprocessing = 0;
		};
		5B9CE30F287347A70085859A /* Sources */ = {
			isa = PBXSourcesBuildPhase;
			buildActionMask = 2147483647;
			files = (
				5B9CE318287347A70085859A /* LookOfficesUITests.swift in Sources */,
				5B9CE31A287347A70085859A /* LookOfficesUITestsLaunchTests.swift in Sources */,
			);
			runOnlyForDeploymentPostprocessing = 0;
		};
/* End PBXSourcesBuildPhase section */

/* Begin PBXTargetDependency section */
		5B9CE30B287347A70085859A /* PBXTargetDependency */ = {
			isa = PBXTargetDependency;
			target = 5B9CE2F2287347A60085859A /* LookOffices */;
			targetProxy = 5B9CE30A287347A70085859A /* PBXContainerItemProxy */;
		};
		5B9CE315287347A70085859A /* PBXTargetDependency */ = {
			isa = PBXTargetDependency;
			target = 5B9CE2F2287347A60085859A /* LookOffices */;
			targetProxy = 5B9CE314287347A70085859A /* PBXContainerItemProxy */;
		};
/* End PBXTargetDependency section */

/* Begin PBXVariantGroup section */
		5B9CE301287347A70085859A /* LaunchScreen.storyboard */ = {
			isa = PBXVariantGroup;
			children = (
				5B9CE302287347A70085859A /* Base */,
			);
			name = LaunchScreen.storyboard;
			sourceTree = "<group>";
		};
/* End PBXVariantGroup section */

/* Begin XCBuildConfiguration section */
		5B9CE31B287347A70085859A /* DevelopmentDebug */ = {
			isa = XCBuildConfiguration;
			baseConfigurationReference = 5B9CE327287348890085859A /* Development.xcconfig */;
			buildSettings = {
				ALWAYS_SEARCH_USER_PATHS = NO;
				BUNDLE_ID = "$(BUNDLE_ID)";
				CLANG_ANALYZER_NONNULL = YES;
				CLANG_ANALYZER_NUMBER_OBJECT_CONVERSION = YES_AGGRESSIVE;
				CLANG_CXX_LANGUAGE_STANDARD = "gnu++17";
				CLANG_ENABLE_MODULES = YES;
				CLANG_ENABLE_OBJC_ARC = YES;
				CLANG_ENABLE_OBJC_WEAK = YES;
				CLANG_WARN_BLOCK_CAPTURE_AUTORELEASING = YES;
				CLANG_WARN_BOOL_CONVERSION = YES;
				CLANG_WARN_COMMA = YES;
				CLANG_WARN_CONSTANT_CONVERSION = YES;
				CLANG_WARN_DEPRECATED_OBJC_IMPLEMENTATIONS = YES;
				CLANG_WARN_DIRECT_OBJC_ISA_USAGE = YES_ERROR;
				CLANG_WARN_DOCUMENTATION_COMMENTS = YES;
				CLANG_WARN_EMPTY_BODY = YES;
				CLANG_WARN_ENUM_CONVERSION = YES;
				CLANG_WARN_INFINITE_RECURSION = YES;
				CLANG_WARN_INT_CONVERSION = YES;
				CLANG_WARN_NON_LITERAL_NULL_CONVERSION = YES;
				CLANG_WARN_OBJC_IMPLICIT_RETAIN_SELF = YES;
				CLANG_WARN_OBJC_LITERAL_CONVERSION = YES;
				CLANG_WARN_OBJC_ROOT_CLASS = YES_ERROR;
				CLANG_WARN_QUOTED_INCLUDE_IN_FRAMEWORK_HEADER = YES;
				CLANG_WARN_RANGE_LOOP_ANALYSIS = YES;
				CLANG_WARN_STRICT_PROTOTYPES = YES;
				CLANG_WARN_SUSPICIOUS_MOVE = YES;
				CLANG_WARN_UNGUARDED_AVAILABILITY = YES_AGGRESSIVE;
				CLANG_WARN_UNREACHABLE_CODE = YES;
				CLANG_WARN__DUPLICATE_METHOD_MATCH = YES;
				COPY_PHASE_STRIP = NO;
				DEBUG_INFORMATION_FORMAT = dwarf;
				ENABLE_STRICT_OBJC_MSGSEND = YES;
				ENABLE_TESTABILITY = YES;
				GCC_C_LANGUAGE_STANDARD = gnu11;
				GCC_DYNAMIC_NO_PIC = NO;
				GCC_NO_COMMON_BLOCKS = YES;
				GCC_OPTIMIZATION_LEVEL = 0;
				GCC_PREPROCESSOR_DEFINITIONS = (
					"DEBUG=1",
					"$(inherited)",
				);
				GCC_WARN_64_TO_32_BIT_CONVERSION = YES;
				GCC_WARN_ABOUT_RETURN_TYPE = YES_ERROR;
				GCC_WARN_UNDECLARED_SELECTOR = YES;
				GCC_WARN_UNINITIALIZED_AUTOS = YES_AGGRESSIVE;
				GCC_WARN_UNUSED_FUNCTION = YES;
				GCC_WARN_UNUSED_VARIABLE = YES;
				IPHONEOS_DEPLOYMENT_TARGET = 15.5;
				MTL_ENABLE_DEBUG_INFO = INCLUDE_SOURCE;
				MTL_FAST_MATH = YES;
				ONLY_ACTIVE_ARCH = YES;
				SDKROOT = iphoneos;
				SWIFT_ACTIVE_COMPILATION_CONDITIONS = DEBUG;
				SWIFT_OPTIMIZATION_LEVEL = "-Onone";
				VALIDATE_WORKSPACE_SKIPPED_SDK_FRAMEWORKS = "";
			};
			name = DevelopmentDebug;
		};
		5B9CE31C287347A70085859A /* DevelopmentRelease */ = {
			isa = XCBuildConfiguration;
			baseConfigurationReference = 5B9CE327287348890085859A /* Development.xcconfig */;
			buildSettings = {
				ALWAYS_SEARCH_USER_PATHS = NO;
				BUNDLE_ID = "$(BUNDLE_ID)";
				CLANG_ANALYZER_NONNULL = YES;
				CLANG_ANALYZER_NUMBER_OBJECT_CONVERSION = YES_AGGRESSIVE;
				CLANG_CXX_LANGUAGE_STANDARD = "gnu++17";
				CLANG_ENABLE_MODULES = YES;
				CLANG_ENABLE_OBJC_ARC = YES;
				CLANG_ENABLE_OBJC_WEAK = YES;
				CLANG_WARN_BLOCK_CAPTURE_AUTORELEASING = YES;
				CLANG_WARN_BOOL_CONVERSION = YES;
				CLANG_WARN_COMMA = YES;
				CLANG_WARN_CONSTANT_CONVERSION = YES;
				CLANG_WARN_DEPRECATED_OBJC_IMPLEMENTATIONS = YES;
				CLANG_WARN_DIRECT_OBJC_ISA_USAGE = YES_ERROR;
				CLANG_WARN_DOCUMENTATION_COMMENTS = YES;
				CLANG_WARN_EMPTY_BODY = YES;
				CLANG_WARN_ENUM_CONVERSION = YES;
				CLANG_WARN_INFINITE_RECURSION = YES;
				CLANG_WARN_INT_CONVERSION = YES;
				CLANG_WARN_NON_LITERAL_NULL_CONVERSION = YES;
				CLANG_WARN_OBJC_IMPLICIT_RETAIN_SELF = YES;
				CLANG_WARN_OBJC_LITERAL_CONVERSION = YES;
				CLANG_WARN_OBJC_ROOT_CLASS = YES_ERROR;
				CLANG_WARN_QUOTED_INCLUDE_IN_FRAMEWORK_HEADER = YES;
				CLANG_WARN_RANGE_LOOP_ANALYSIS = YES;
				CLANG_WARN_STRICT_PROTOTYPES = YES;
				CLANG_WARN_SUSPICIOUS_MOVE = YES;
				CLANG_WARN_UNGUARDED_AVAILABILITY = YES_AGGRESSIVE;
				CLANG_WARN_UNREACHABLE_CODE = YES;
				CLANG_WARN__DUPLICATE_METHOD_MATCH = YES;
				COPY_PHASE_STRIP = NO;
				DEBUG_INFORMATION_FORMAT = "dwarf-with-dsym";
				ENABLE_NS_ASSERTIONS = NO;
				ENABLE_STRICT_OBJC_MSGSEND = YES;
				GCC_C_LANGUAGE_STANDARD = gnu11;
				GCC_NO_COMMON_BLOCKS = YES;
				GCC_WARN_64_TO_32_BIT_CONVERSION = YES;
				GCC_WARN_ABOUT_RETURN_TYPE = YES_ERROR;
				GCC_WARN_UNDECLARED_SELECTOR = YES;
				GCC_WARN_UNINITIALIZED_AUTOS = YES_AGGRESSIVE;
				GCC_WARN_UNUSED_FUNCTION = YES;
				GCC_WARN_UNUSED_VARIABLE = YES;
				IPHONEOS_DEPLOYMENT_TARGET = 15.5;
				MTL_ENABLE_DEBUG_INFO = NO;
				MTL_FAST_MATH = YES;
				SDKROOT = iphoneos;
				SWIFT_COMPILATION_MODE = wholemodule;
				SWIFT_OPTIMIZATION_LEVEL = "-O";
				VALIDATE_PRODUCT = YES;
				VALIDATE_WORKSPACE_SKIPPED_SDK_FRAMEWORKS = "";
			};
			name = DevelopmentRelease;
		};
		5B9CE31E287347A70085859A /* DevelopmentDebug */ = {
			isa = XCBuildConfiguration;
			baseConfigurationReference = 5B9CE327287348890085859A /* Development.xcconfig */;
			buildSettings = {
				ASSETCATALOG_COMPILER_APPICON_NAME = AppIcon;
				ASSETCATALOG_COMPILER_GLOBAL_ACCENT_COLOR_NAME = AccentColor;
				CODE_SIGN_ENTITLEMENTS = LookOffices/LookOffices.entitlements;
				CODE_SIGN_IDENTITY = "iPhone Developer";
				CODE_SIGN_STYLE = Manual;
				CURRENT_PROJECT_VERSION = 1;
				DEVELOPMENT_TEAM = TBXF7RJBHZ;
				GENERATE_INFOPLIST_FILE = YES;
				INFOPLIST_FILE = LookOffices/System/Info.plist;
				INFOPLIST_KEY_UIApplicationSupportsIndirectInputEvents = YES;
				INFOPLIST_KEY_UILaunchStoryboardName = LaunchScreen;
				INFOPLIST_KEY_UIMainStoryboardFile = Login;
				INFOPLIST_KEY_UISupportedInterfaceOrientations_iPad = "UIInterfaceOrientationPortrait UIInterfaceOrientationPortraitUpsideDown UIInterfaceOrientationLandscapeLeft UIInterfaceOrientationLandscapeRight";
				INFOPLIST_KEY_UISupportedInterfaceOrientations_iPhone = "UIInterfaceOrientationPortrait UIInterfaceOrientationLandscapeLeft UIInterfaceOrientationLandscapeRight";
				LD_RUNPATH_SEARCH_PATHS = (
					"$(inherited)",
					"@executable_path/Frameworks",
				);
				MARKETING_VERSION = 1.0;
				PRODUCT_BUNDLE_IDENTIFIER = "$(BUNDLE_ID)";
				PRODUCT_NAME = "$(APP_NAME)";
				PROVISIONING_PROFILE_SPECIFIER = "com.mobven.ios.enterprise.LookOffices.dev pp";
				SWIFT_EMIT_LOC_STRINGS = YES;
				SWIFT_VERSION = 5.0;
				TARGETED_DEVICE_FAMILY = 1;
				VALIDATE_WORKSPACE_SKIPPED_SDK_FRAMEWORKS = "";
			};
			name = DevelopmentDebug;
		};
		5B9CE31F287347A70085859A /* DevelopmentRelease */ = {
			isa = XCBuildConfiguration;
			baseConfigurationReference = 5B9CE327287348890085859A /* Development.xcconfig */;
			buildSettings = {
				ASSETCATALOG_COMPILER_APPICON_NAME = AppIcon;
				ASSETCATALOG_COMPILER_GLOBAL_ACCENT_COLOR_NAME = AccentColor;
				CODE_SIGN_ENTITLEMENTS = LookOffices/LookOffices.entitlements;
				CODE_SIGN_IDENTITY = "iPhone Developer";
				CODE_SIGN_STYLE = Manual;
				CURRENT_PROJECT_VERSION = 1;
				DEVELOPMENT_TEAM = TBXF7RJBHZ;
				GENERATE_INFOPLIST_FILE = YES;
				INFOPLIST_FILE = LookOffices/System/Info.plist;
				INFOPLIST_KEY_UIApplicationSupportsIndirectInputEvents = YES;
				INFOPLIST_KEY_UILaunchStoryboardName = LaunchScreen;
				INFOPLIST_KEY_UIMainStoryboardFile = Login;
				INFOPLIST_KEY_UISupportedInterfaceOrientations_iPad = "UIInterfaceOrientationPortrait UIInterfaceOrientationPortraitUpsideDown UIInterfaceOrientationLandscapeLeft UIInterfaceOrientationLandscapeRight";
				INFOPLIST_KEY_UISupportedInterfaceOrientations_iPhone = "UIInterfaceOrientationPortrait UIInterfaceOrientationLandscapeLeft UIInterfaceOrientationLandscapeRight";
				LD_RUNPATH_SEARCH_PATHS = (
					"$(inherited)",
					"@executable_path/Frameworks",
				);
				MARKETING_VERSION = 1.0;
				PRODUCT_BUNDLE_IDENTIFIER = "$(BUNDLE_ID)";
				PRODUCT_NAME = "$(APP_NAME)";
				PROVISIONING_PROFILE_SPECIFIER = "com.mobven.ios.enterprise.LookOffices.dev pp";
				SWIFT_EMIT_LOC_STRINGS = YES;
				SWIFT_VERSION = 5.0;
				TARGETED_DEVICE_FAMILY = 1;
				VALIDATE_WORKSPACE_SKIPPED_SDK_FRAMEWORKS = "";
			};
			name = DevelopmentRelease;
		};
		5B9CE321287347A70085859A /* DevelopmentDebug */ = {
			isa = XCBuildConfiguration;
			baseConfigurationReference = 5B9CE327287348890085859A /* Development.xcconfig */;
			buildSettings = {
				ALWAYS_EMBED_SWIFT_STANDARD_LIBRARIES = YES;
				BUNDLE_LOADER = "$(TEST_HOST)";
				CODE_SIGN_STYLE = Automatic;
				CURRENT_PROJECT_VERSION = 1;
				DEVELOPMENT_TEAM = TBXF7RJBHZ;
				GENERATE_INFOPLIST_FILE = YES;
				IPHONEOS_DEPLOYMENT_TARGET = 15.5;
				MARKETING_VERSION = 1.0;
				PRODUCT_BUNDLE_IDENTIFIER = com.samet.ogutcuoglu.officer.LookOfficesTests;
				PRODUCT_NAME = "$(TARGET_NAME)";
				SWIFT_EMIT_LOC_STRINGS = NO;
				SWIFT_VERSION = 5.0;
				TARGETED_DEVICE_FAMILY = "1,2";
				TEST_HOST = "$(BUILT_PRODUCTS_DIR)/LookOffices.app/LookOffices";
			};
			name = DevelopmentDebug;
		};
		5B9CE322287347A70085859A /* DevelopmentRelease */ = {
			isa = XCBuildConfiguration;
			baseConfigurationReference = 5B9CE327287348890085859A /* Development.xcconfig */;
			buildSettings = {
				ALWAYS_EMBED_SWIFT_STANDARD_LIBRARIES = YES;
				BUNDLE_LOADER = "$(TEST_HOST)";
				CODE_SIGN_STYLE = Automatic;
				CURRENT_PROJECT_VERSION = 1;
				DEVELOPMENT_TEAM = TBXF7RJBHZ;
				GENERATE_INFOPLIST_FILE = YES;
				IPHONEOS_DEPLOYMENT_TARGET = 15.5;
				MARKETING_VERSION = 1.0;
				PRODUCT_BUNDLE_IDENTIFIER = com.samet.ogutcuoglu.officer.LookOfficesTests;
				PRODUCT_NAME = "$(TARGET_NAME)";
				SWIFT_EMIT_LOC_STRINGS = NO;
				SWIFT_VERSION = 5.0;
				TARGETED_DEVICE_FAMILY = "1,2";
				TEST_HOST = "$(BUILT_PRODUCTS_DIR)/LookOffices.app/LookOffices";
			};
			name = DevelopmentRelease;
		};
		5B9CE324287347A70085859A /* DevelopmentDebug */ = {
			isa = XCBuildConfiguration;
			baseConfigurationReference = 5B9CE327287348890085859A /* Development.xcconfig */;
			buildSettings = {
				ALWAYS_EMBED_SWIFT_STANDARD_LIBRARIES = YES;
				CODE_SIGN_STYLE = Automatic;
				CURRENT_PROJECT_VERSION = 1;
				DEVELOPMENT_TEAM = TBXF7RJBHZ;
				GENERATE_INFOPLIST_FILE = YES;
				MARKETING_VERSION = 1.0;
				PRODUCT_BUNDLE_IDENTIFIER = com.samet.ogutcuoglu.officer.LookOfficesUITests;
				PRODUCT_NAME = "$(TARGET_NAME)";
				SWIFT_EMIT_LOC_STRINGS = NO;
				SWIFT_VERSION = 5.0;
				TARGETED_DEVICE_FAMILY = "1,2";
				TEST_TARGET_NAME = LookOffices;
			};
			name = DevelopmentDebug;
		};
		5B9CE325287347A70085859A /* DevelopmentRelease */ = {
			isa = XCBuildConfiguration;
			baseConfigurationReference = 5B9CE327287348890085859A /* Development.xcconfig */;
			buildSettings = {
				ALWAYS_EMBED_SWIFT_STANDARD_LIBRARIES = YES;
				CODE_SIGN_STYLE = Automatic;
				CURRENT_PROJECT_VERSION = 1;
				DEVELOPMENT_TEAM = TBXF7RJBHZ;
				GENERATE_INFOPLIST_FILE = YES;
				MARKETING_VERSION = 1.0;
				PRODUCT_BUNDLE_IDENTIFIER = com.samet.ogutcuoglu.officer.LookOfficesUITests;
				PRODUCT_NAME = "$(TARGET_NAME)";
				SWIFT_EMIT_LOC_STRINGS = NO;
				SWIFT_VERSION = 5.0;
				TARGETED_DEVICE_FAMILY = "1,2";
				TEST_TARGET_NAME = LookOffices;
			};
			name = DevelopmentRelease;
		};
		5B9CE32928734C810085859A /* ProductionDebug */ = {
			isa = XCBuildConfiguration;
			baseConfigurationReference = 5B9CE328287348DC0085859A /* Production.xcconfig */;
			buildSettings = {
				ALWAYS_SEARCH_USER_PATHS = NO;
				BUNDLE_ID = "$(BUNDLE_ID)";
				CLANG_ANALYZER_NONNULL = YES;
				CLANG_ANALYZER_NUMBER_OBJECT_CONVERSION = YES_AGGRESSIVE;
				CLANG_CXX_LANGUAGE_STANDARD = "gnu++17";
				CLANG_ENABLE_MODULES = YES;
				CLANG_ENABLE_OBJC_ARC = YES;
				CLANG_ENABLE_OBJC_WEAK = YES;
				CLANG_WARN_BLOCK_CAPTURE_AUTORELEASING = YES;
				CLANG_WARN_BOOL_CONVERSION = YES;
				CLANG_WARN_COMMA = YES;
				CLANG_WARN_CONSTANT_CONVERSION = YES;
				CLANG_WARN_DEPRECATED_OBJC_IMPLEMENTATIONS = YES;
				CLANG_WARN_DIRECT_OBJC_ISA_USAGE = YES_ERROR;
				CLANG_WARN_DOCUMENTATION_COMMENTS = YES;
				CLANG_WARN_EMPTY_BODY = YES;
				CLANG_WARN_ENUM_CONVERSION = YES;
				CLANG_WARN_INFINITE_RECURSION = YES;
				CLANG_WARN_INT_CONVERSION = YES;
				CLANG_WARN_NON_LITERAL_NULL_CONVERSION = YES;
				CLANG_WARN_OBJC_IMPLICIT_RETAIN_SELF = YES;
				CLANG_WARN_OBJC_LITERAL_CONVERSION = YES;
				CLANG_WARN_OBJC_ROOT_CLASS = YES_ERROR;
				CLANG_WARN_QUOTED_INCLUDE_IN_FRAMEWORK_HEADER = YES;
				CLANG_WARN_RANGE_LOOP_ANALYSIS = YES;
				CLANG_WARN_STRICT_PROTOTYPES = YES;
				CLANG_WARN_SUSPICIOUS_MOVE = YES;
				CLANG_WARN_UNGUARDED_AVAILABILITY = YES_AGGRESSIVE;
				CLANG_WARN_UNREACHABLE_CODE = YES;
				CLANG_WARN__DUPLICATE_METHOD_MATCH = YES;
				COPY_PHASE_STRIP = NO;
				DEBUG_INFORMATION_FORMAT = dwarf;
				ENABLE_STRICT_OBJC_MSGSEND = YES;
				ENABLE_TESTABILITY = YES;
				GCC_C_LANGUAGE_STANDARD = gnu11;
				GCC_DYNAMIC_NO_PIC = NO;
				GCC_NO_COMMON_BLOCKS = YES;
				GCC_OPTIMIZATION_LEVEL = 0;
				GCC_PREPROCESSOR_DEFINITIONS = (
					"DEBUG=1",
					"$(inherited)",
				);
				GCC_WARN_64_TO_32_BIT_CONVERSION = YES;
				GCC_WARN_ABOUT_RETURN_TYPE = YES_ERROR;
				GCC_WARN_UNDECLARED_SELECTOR = YES;
				GCC_WARN_UNINITIALIZED_AUTOS = YES_AGGRESSIVE;
				GCC_WARN_UNUSED_FUNCTION = YES;
				GCC_WARN_UNUSED_VARIABLE = YES;
				IPHONEOS_DEPLOYMENT_TARGET = 15.5;
				MTL_ENABLE_DEBUG_INFO = INCLUDE_SOURCE;
				MTL_FAST_MATH = YES;
				ONLY_ACTIVE_ARCH = YES;
				SDKROOT = iphoneos;
				SWIFT_ACTIVE_COMPILATION_CONDITIONS = DEBUG;
				SWIFT_OPTIMIZATION_LEVEL = "-Onone";
				VALIDATE_WORKSPACE_SKIPPED_SDK_FRAMEWORKS = "";
			};
			name = ProductionDebug;
		};
		5B9CE32A28734C810085859A /* ProductionDebug */ = {
			isa = XCBuildConfiguration;
			baseConfigurationReference = 5B9CE328287348DC0085859A /* Production.xcconfig */;
			buildSettings = {
				ASSETCATALOG_COMPILER_APPICON_NAME = AppIcon;
				ASSETCATALOG_COMPILER_GLOBAL_ACCENT_COLOR_NAME = AccentColor;
				CODE_SIGN_ENTITLEMENTS = LookOffices/LookOffices.entitlements;
				CODE_SIGN_IDENTITY = "iPhone Developer";
				CODE_SIGN_STYLE = Manual;
				CURRENT_PROJECT_VERSION = 1;
				DEVELOPMENT_TEAM = TBXF7RJBHZ;
				GENERATE_INFOPLIST_FILE = YES;
				INFOPLIST_FILE = LookOffices/System/Info.plist;
				INFOPLIST_KEY_UIApplicationSupportsIndirectInputEvents = YES;
				INFOPLIST_KEY_UILaunchStoryboardName = LaunchScreen;
				INFOPLIST_KEY_UIMainStoryboardFile = Login;
				INFOPLIST_KEY_UISupportedInterfaceOrientations_iPad = "UIInterfaceOrientationPortrait UIInterfaceOrientationPortraitUpsideDown UIInterfaceOrientationLandscapeLeft UIInterfaceOrientationLandscapeRight";
				INFOPLIST_KEY_UISupportedInterfaceOrientations_iPhone = "UIInterfaceOrientationPortrait UIInterfaceOrientationLandscapeLeft UIInterfaceOrientationLandscapeRight";
				LD_RUNPATH_SEARCH_PATHS = (
					"$(inherited)",
					"@executable_path/Frameworks",
				);
				MARKETING_VERSION = 1.0;
				PRODUCT_BUNDLE_IDENTIFIER = "$(BUNDLE_ID)";
				PRODUCT_NAME = "$(APP_NAME)";
				PROVISIONING_PROFILE_SPECIFIER = "com.mobven.ios.enterprise.LookOffices pp";
				SWIFT_EMIT_LOC_STRINGS = YES;
				SWIFT_VERSION = 5.0;
				TARGETED_DEVICE_FAMILY = 1;
				VALIDATE_WORKSPACE_SKIPPED_SDK_FRAMEWORKS = "";
			};
			name = ProductionDebug;
		};
		5B9CE32B28734C810085859A /* ProductionDebug */ = {
			isa = XCBuildConfiguration;
			baseConfigurationReference = 5B9CE328287348DC0085859A /* Production.xcconfig */;
			buildSettings = {
				ALWAYS_EMBED_SWIFT_STANDARD_LIBRARIES = YES;
				BUNDLE_LOADER = "$(TEST_HOST)";
				CODE_SIGN_STYLE = Automatic;
				CURRENT_PROJECT_VERSION = 1;
				DEVELOPMENT_TEAM = TBXF7RJBHZ;
				GENERATE_INFOPLIST_FILE = YES;
				IPHONEOS_DEPLOYMENT_TARGET = 15.5;
				MARKETING_VERSION = 1.0;
				PRODUCT_BUNDLE_IDENTIFIER = com.samet.ogutcuoglu.officer.LookOfficesTests;
				PRODUCT_NAME = "$(TARGET_NAME)";
				SWIFT_EMIT_LOC_STRINGS = NO;
				SWIFT_VERSION = 5.0;
				TARGETED_DEVICE_FAMILY = "1,2";
				TEST_HOST = "$(BUILT_PRODUCTS_DIR)/LookOffices.app/LookOffices";
			};
			name = ProductionDebug;
		};
		5B9CE32C28734C810085859A /* ProductionDebug */ = {
			isa = XCBuildConfiguration;
			baseConfigurationReference = 5B9CE328287348DC0085859A /* Production.xcconfig */;
			buildSettings = {
				ALWAYS_EMBED_SWIFT_STANDARD_LIBRARIES = YES;
				CODE_SIGN_STYLE = Automatic;
				CURRENT_PROJECT_VERSION = 1;
				DEVELOPMENT_TEAM = TBXF7RJBHZ;
				GENERATE_INFOPLIST_FILE = YES;
				MARKETING_VERSION = 1.0;
				PRODUCT_BUNDLE_IDENTIFIER = com.samet.ogutcuoglu.officer.LookOfficesUITests;
				PRODUCT_NAME = "$(TARGET_NAME)";
				SWIFT_EMIT_LOC_STRINGS = NO;
				SWIFT_VERSION = 5.0;
				TARGETED_DEVICE_FAMILY = "1,2";
				TEST_TARGET_NAME = LookOffices;
			};
			name = ProductionDebug;
		};
		5B9CE32D28734C9D0085859A /* ProductionRelease */ = {
			isa = XCBuildConfiguration;
			baseConfigurationReference = 5B9CE328287348DC0085859A /* Production.xcconfig */;
			buildSettings = {
				ALWAYS_SEARCH_USER_PATHS = NO;
				BUNDLE_ID = "$(BUNDLE_ID)";
				CLANG_ANALYZER_NONNULL = YES;
				CLANG_ANALYZER_NUMBER_OBJECT_CONVERSION = YES_AGGRESSIVE;
				CLANG_CXX_LANGUAGE_STANDARD = "gnu++17";
				CLANG_ENABLE_MODULES = YES;
				CLANG_ENABLE_OBJC_ARC = YES;
				CLANG_ENABLE_OBJC_WEAK = YES;
				CLANG_WARN_BLOCK_CAPTURE_AUTORELEASING = YES;
				CLANG_WARN_BOOL_CONVERSION = YES;
				CLANG_WARN_COMMA = YES;
				CLANG_WARN_CONSTANT_CONVERSION = YES;
				CLANG_WARN_DEPRECATED_OBJC_IMPLEMENTATIONS = YES;
				CLANG_WARN_DIRECT_OBJC_ISA_USAGE = YES_ERROR;
				CLANG_WARN_DOCUMENTATION_COMMENTS = YES;
				CLANG_WARN_EMPTY_BODY = YES;
				CLANG_WARN_ENUM_CONVERSION = YES;
				CLANG_WARN_INFINITE_RECURSION = YES;
				CLANG_WARN_INT_CONVERSION = YES;
				CLANG_WARN_NON_LITERAL_NULL_CONVERSION = YES;
				CLANG_WARN_OBJC_IMPLICIT_RETAIN_SELF = YES;
				CLANG_WARN_OBJC_LITERAL_CONVERSION = YES;
				CLANG_WARN_OBJC_ROOT_CLASS = YES_ERROR;
				CLANG_WARN_QUOTED_INCLUDE_IN_FRAMEWORK_HEADER = YES;
				CLANG_WARN_RANGE_LOOP_ANALYSIS = YES;
				CLANG_WARN_STRICT_PROTOTYPES = YES;
				CLANG_WARN_SUSPICIOUS_MOVE = YES;
				CLANG_WARN_UNGUARDED_AVAILABILITY = YES_AGGRESSIVE;
				CLANG_WARN_UNREACHABLE_CODE = YES;
				CLANG_WARN__DUPLICATE_METHOD_MATCH = YES;
				COPY_PHASE_STRIP = NO;
				DEBUG_INFORMATION_FORMAT = "dwarf-with-dsym";
				ENABLE_NS_ASSERTIONS = NO;
				ENABLE_STRICT_OBJC_MSGSEND = YES;
				GCC_C_LANGUAGE_STANDARD = gnu11;
				GCC_NO_COMMON_BLOCKS = YES;
				GCC_WARN_64_TO_32_BIT_CONVERSION = YES;
				GCC_WARN_ABOUT_RETURN_TYPE = YES_ERROR;
				GCC_WARN_UNDECLARED_SELECTOR = YES;
				GCC_WARN_UNINITIALIZED_AUTOS = YES_AGGRESSIVE;
				GCC_WARN_UNUSED_FUNCTION = YES;
				GCC_WARN_UNUSED_VARIABLE = YES;
				IPHONEOS_DEPLOYMENT_TARGET = 15.5;
				MTL_ENABLE_DEBUG_INFO = NO;
				MTL_FAST_MATH = YES;
				SDKROOT = iphoneos;
				SWIFT_COMPILATION_MODE = wholemodule;
				SWIFT_OPTIMIZATION_LEVEL = "-O";
				VALIDATE_PRODUCT = YES;
				VALIDATE_WORKSPACE_SKIPPED_SDK_FRAMEWORKS = "";
			};
			name = ProductionRelease;
		};
		5B9CE32E28734C9D0085859A /* ProductionRelease */ = {
			isa = XCBuildConfiguration;
			baseConfigurationReference = 5B9CE328287348DC0085859A /* Production.xcconfig */;
			buildSettings = {
				ASSETCATALOG_COMPILER_APPICON_NAME = AppIcon;
				ASSETCATALOG_COMPILER_GLOBAL_ACCENT_COLOR_NAME = AccentColor;
				CODE_SIGN_ENTITLEMENTS = LookOffices/LookOffices.entitlements;
				CODE_SIGN_IDENTITY = "iPhone Developer";
				CODE_SIGN_STYLE = Manual;
				CURRENT_PROJECT_VERSION = 1;
				DEVELOPMENT_TEAM = TBXF7RJBHZ;
				GENERATE_INFOPLIST_FILE = YES;
				INFOPLIST_FILE = LookOffices/System/Info.plist;
				INFOPLIST_KEY_UIApplicationSupportsIndirectInputEvents = YES;
				INFOPLIST_KEY_UILaunchStoryboardName = LaunchScreen;
				INFOPLIST_KEY_UIMainStoryboardFile = Login;
				INFOPLIST_KEY_UISupportedInterfaceOrientations_iPad = "UIInterfaceOrientationPortrait UIInterfaceOrientationPortraitUpsideDown UIInterfaceOrientationLandscapeLeft UIInterfaceOrientationLandscapeRight";
				INFOPLIST_KEY_UISupportedInterfaceOrientations_iPhone = "UIInterfaceOrientationPortrait UIInterfaceOrientationLandscapeLeft UIInterfaceOrientationLandscapeRight";
				LD_RUNPATH_SEARCH_PATHS = (
					"$(inherited)",
					"@executable_path/Frameworks",
				);
				MARKETING_VERSION = 1.0;
				PRODUCT_BUNDLE_IDENTIFIER = "$(BUNDLE_ID)";
				PRODUCT_NAME = "$(APP_NAME)";
				PROVISIONING_PROFILE_SPECIFIER = "com.mobven.ios.enterprise.LookOffices pp";
				SWIFT_EMIT_LOC_STRINGS = YES;
				SWIFT_VERSION = 5.0;
				TARGETED_DEVICE_FAMILY = 1;
				VALIDATE_WORKSPACE_SKIPPED_SDK_FRAMEWORKS = "";
			};
			name = ProductionRelease;
		};
		5B9CE32F28734C9D0085859A /* ProductionRelease */ = {
			isa = XCBuildConfiguration;
			baseConfigurationReference = 5B9CE328287348DC0085859A /* Production.xcconfig */;
			buildSettings = {
				ALWAYS_EMBED_SWIFT_STANDARD_LIBRARIES = YES;
				BUNDLE_LOADER = "$(TEST_HOST)";
				CODE_SIGN_STYLE = Automatic;
				CURRENT_PROJECT_VERSION = 1;
				DEVELOPMENT_TEAM = TBXF7RJBHZ;
				GENERATE_INFOPLIST_FILE = YES;
				IPHONEOS_DEPLOYMENT_TARGET = 15.5;
				MARKETING_VERSION = 1.0;
				PRODUCT_BUNDLE_IDENTIFIER = com.samet.ogutcuoglu.officer.LookOfficesTests;
				PRODUCT_NAME = "$(TARGET_NAME)";
				SWIFT_EMIT_LOC_STRINGS = NO;
				SWIFT_VERSION = 5.0;
				TARGETED_DEVICE_FAMILY = "1,2";
				TEST_HOST = "$(BUILT_PRODUCTS_DIR)/LookOffices.app/LookOffices";
			};
			name = ProductionRelease;
		};
		5B9CE33028734C9D0085859A /* ProductionRelease */ = {
			isa = XCBuildConfiguration;
			baseConfigurationReference = 5B9CE328287348DC0085859A /* Production.xcconfig */;
			buildSettings = {
				ALWAYS_EMBED_SWIFT_STANDARD_LIBRARIES = YES;
				CODE_SIGN_STYLE = Automatic;
				CURRENT_PROJECT_VERSION = 1;
				DEVELOPMENT_TEAM = TBXF7RJBHZ;
				GENERATE_INFOPLIST_FILE = YES;
				MARKETING_VERSION = 1.0;
				PRODUCT_BUNDLE_IDENTIFIER = com.samet.ogutcuoglu.officer.LookOfficesUITests;
				PRODUCT_NAME = "$(TARGET_NAME)";
				SWIFT_EMIT_LOC_STRINGS = NO;
				SWIFT_VERSION = 5.0;
				TARGETED_DEVICE_FAMILY = "1,2";
				TEST_TARGET_NAME = LookOffices;
			};
			name = ProductionRelease;
		};
/* End XCBuildConfiguration section */

/* Begin XCConfigurationList section */
		5B9CE2EE287347A60085859A /* Build configuration list for PBXProject "LookOffices" */ = {
			isa = XCConfigurationList;
			buildConfigurations = (
				5B9CE31B287347A70085859A /* DevelopmentDebug */,
				5B9CE32928734C810085859A /* ProductionDebug */,
				5B9CE31C287347A70085859A /* DevelopmentRelease */,
				5B9CE32D28734C9D0085859A /* ProductionRelease */,
			);
			defaultConfigurationIsVisible = 0;
			defaultConfigurationName = DevelopmentRelease;
		};
		5B9CE31D287347A70085859A /* Build configuration list for PBXNativeTarget "LookOffices" */ = {
			isa = XCConfigurationList;
			buildConfigurations = (
				5B9CE31E287347A70085859A /* DevelopmentDebug */,
				5B9CE32A28734C810085859A /* ProductionDebug */,
				5B9CE31F287347A70085859A /* DevelopmentRelease */,
				5B9CE32E28734C9D0085859A /* ProductionRelease */,
			);
			defaultConfigurationIsVisible = 0;
			defaultConfigurationName = DevelopmentRelease;
		};
		5B9CE320287347A70085859A /* Build configuration list for PBXNativeTarget "LookOfficesTests" */ = {
			isa = XCConfigurationList;
			buildConfigurations = (
				5B9CE321287347A70085859A /* DevelopmentDebug */,
				5B9CE32B28734C810085859A /* ProductionDebug */,
				5B9CE322287347A70085859A /* DevelopmentRelease */,
				5B9CE32F28734C9D0085859A /* ProductionRelease */,
			);
			defaultConfigurationIsVisible = 0;
			defaultConfigurationName = DevelopmentRelease;
		};
		5B9CE323287347A70085859A /* Build configuration list for PBXNativeTarget "LookOfficesUITests" */ = {
			isa = XCConfigurationList;
			buildConfigurations = (
				5B9CE324287347A70085859A /* DevelopmentDebug */,
				5B9CE32C28734C810085859A /* ProductionDebug */,
				5B9CE325287347A70085859A /* DevelopmentRelease */,
				5B9CE33028734C9D0085859A /* ProductionRelease */,
			);
			defaultConfigurationIsVisible = 0;
			defaultConfigurationName = DevelopmentRelease;
		};
/* End XCConfigurationList section */

/* Begin XCRemoteSwiftPackageReference section */
		3DE8C80228995B2100391DAC /* XCRemoteSwiftPackageReference "SDWebImage" */ = {
			isa = XCRemoteSwiftPackageReference;
			repositoryURL = "https://github.com/SDWebImage/SDWebImage.git";
			requirement = {
				kind = upToNextMajorVersion;
				minimumVersion = 5.0.0;
			};
		};
		5BCD68262897A6BC0086F416 /* XCRemoteSwiftPackageReference "IQKeyboardManager" */ = {
			isa = XCRemoteSwiftPackageReference;
			repositoryURL = "https://github.com/hackiftekhar/IQKeyboardManager";
			requirement = {
				branch = master;
				kind = branch;
			};
		};
/* End XCRemoteSwiftPackageReference section */

/* Begin XCSwiftPackageProductDependency section */
		3DE8C80328995B2100391DAC /* SDWebImage */ = {
			isa = XCSwiftPackageProductDependency;
			package = 3DE8C80228995B2100391DAC /* XCRemoteSwiftPackageReference "SDWebImage" */;
			productName = SDWebImage;
		};
		5BCD68272897A6BC0086F416 /* IQKeyboardManagerSwift */ = {
			isa = XCSwiftPackageProductDependency;
			package = 5BCD68262897A6BC0086F416 /* XCRemoteSwiftPackageReference "IQKeyboardManager" */;
			productName = IQKeyboardManagerSwift;
		};
/* End XCSwiftPackageProductDependency section */
	};
	rootObject = 5B9CE2EB287347A60085859A /* Project object */;
}
