// !$*UTF8*$!
{
	archiveVersion = 1;
	classes = {
	};
	objectVersion = 55;
	objects = {

/* Begin PBXBuildFile section */
		5B26C33328914F05003AE9B0 /* DrawTriangle.swift in Sources */ = {isa = PBXBuildFile; fileRef = 5B26C33228914F05003AE9B0 /* DrawTriangle.swift */; };
		5B9CE2F7287347A60085859A /* AppDelegate.swift in Sources */ = {isa = PBXBuildFile; fileRef = 5B9CE2F6287347A60085859A /* AppDelegate.swift */; };
		5B9CE2F9287347A60085859A /* SceneDelegate.swift in Sources */ = {isa = PBXBuildFile; fileRef = 5B9CE2F8287347A60085859A /* SceneDelegate.swift */; };
		5B9CE2FB287347A60085859A /* ViewController.swift in Sources */ = {isa = PBXBuildFile; fileRef = 5B9CE2FA287347A60085859A /* ViewController.swift */; };
		5B9CE2FE287347A60085859A /* Main.storyboard in Resources */ = {isa = PBXBuildFile; fileRef = 5B9CE2FC287347A60085859A /* Main.storyboard */; };
		5B9CE300287347A70085859A /* Assets.xcassets in Resources */ = {isa = PBXBuildFile; fileRef = 5B9CE2FF287347A70085859A /* Assets.xcassets */; };
		5B9CE303287347A70085859A /* LaunchScreen.storyboard in Resources */ = {isa = PBXBuildFile; fileRef = 5B9CE301287347A70085859A /* LaunchScreen.storyboard */; };
		5B9CE30E287347A70085859A /* LookOfficesTests.swift in Sources */ = {isa = PBXBuildFile; fileRef = 5B9CE30D287347A70085859A /* LookOfficesTests.swift */; };
		5B9CE318287347A70085859A /* LookOfficesUITests.swift in Sources */ = {isa = PBXBuildFile; fileRef = 5B9CE317287347A70085859A /* LookOfficesUITests.swift */; };
		5B9CE31A287347A70085859A /* LookOfficesUITestsLaunchTests.swift in Sources */ = {isa = PBXBuildFile; fileRef = 5B9CE319287347A70085859A /* LookOfficesUITestsLaunchTests.swift */; };
		5BC0638B289005CB004FA4FA /* Image.xcassets in Resources */ = {isa = PBXBuildFile; fileRef = 5BC0638A289005CB004FA4FA /* Image.xcassets */; };
		5BC0638D289005F5004FA4FA /* UIcolor.swift in Sources */ = {isa = PBXBuildFile; fileRef = 5BC0638C289005F5004FA4FA /* UIcolor.swift */; };
		5BC0639228902303004FA4FA /* Register.storyboard in Resources */ = {isa = PBXBuildFile; fileRef = 5BC0639128902303004FA4FA /* Register.storyboard */; };
		5BC0639428902313004FA4FA /* RegisterViewController.swift in Sources */ = {isa = PBXBuildFile; fileRef = 5BC0639328902313004FA4FA /* RegisterViewController.swift */; };
		5BCD68282897A6BC0086F416 /* IQKeyboardManagerSwift in Frameworks */ = {isa = PBXBuildFile; productRef = 5BCD68272897A6BC0086F416 /* IQKeyboardManagerSwift */; };
		5BE4E6302890003C009FF44B /* LoginViewController.swift in Sources */ = {isa = PBXBuildFile; fileRef = 5BE4E62F2890003C009FF44B /* LoginViewController.swift */; };
		5BE4E6322890004A009FF44B /* Login.storyboard in Resources */ = {isa = PBXBuildFile; fileRef = 5BE4E6312890004A009FF44B /* Login.storyboard */; };
/* End PBXBuildFile section */

/* Begin PBXContainerItemProxy section */
		5B9CE30A287347A70085859A /* PBXContainerItemProxy */ = {
			isa = PBXContainerItemProxy;
			containerPortal = 5B9CE2EB287347A60085859A /* Project object */;
			proxyType = 1;
			remoteGlobalIDString = 5B9CE2F2287347A60085859A;
			remoteInfo = LookOffices;
		};
		5B9CE314287347A70085859A /* PBXContainerItemProxy */ = {
			isa = PBXContainerItemProxy;
			containerPortal = 5B9CE2EB287347A60085859A /* Project object */;
			proxyType = 1;
			remoteGlobalIDString = 5B9CE2F2287347A60085859A;
			remoteInfo = LookOffices;
		};
/* End PBXContainerItemProxy section */

/* Begin PBXFileReference section */
		5B26C33228914F05003AE9B0 /* DrawTriangle.swift */ = {isa = PBXFileReference; lastKnownFileType = sourcecode.swift; path = DrawTriangle.swift; sourceTree = "<group>"; };
		5B8D92112873687E002DF1D1 /* LookOffices.entitlements */ = {isa = PBXFileReference; lastKnownFileType = text.plist.entitlements; path = LookOffices.entitlements; sourceTree = "<group>"; };
		5B9CE2F3287347A60085859A /* LookOfficesDev.app */ = {isa = PBXFileReference; explicitFileType = wrapper.application; includeInIndex = 0; path = LookOfficesDev.app; sourceTree = BUILT_PRODUCTS_DIR; };
		5B9CE2F6287347A60085859A /* AppDelegate.swift */ = {isa = PBXFileReference; lastKnownFileType = sourcecode.swift; path = AppDelegate.swift; sourceTree = "<group>"; };
		5B9CE2F8287347A60085859A /* SceneDelegate.swift */ = {isa = PBXFileReference; lastKnownFileType = sourcecode.swift; path = SceneDelegate.swift; sourceTree = "<group>"; };
		5B9CE2FA287347A60085859A /* ViewController.swift */ = {isa = PBXFileReference; lastKnownFileType = sourcecode.swift; path = ViewController.swift; sourceTree = "<group>"; };
		5B9CE2FD287347A60085859A /* Base */ = {isa = PBXFileReference; lastKnownFileType = file.storyboard; name = Base; path = Base.lproj/Main.storyboard; sourceTree = "<group>"; };
		5B9CE2FF287347A70085859A /* Assets.xcassets */ = {isa = PBXFileReference; lastKnownFileType = folder.assetcatalog; path = Assets.xcassets; sourceTree = "<group>"; };
		5B9CE302287347A70085859A /* Base */ = {isa = PBXFileReference; lastKnownFileType = file.storyboard; name = Base; path = Base.lproj/LaunchScreen.storyboard; sourceTree = "<group>"; };
		5B9CE304287347A70085859A /* Info.plist */ = {isa = PBXFileReference; lastKnownFileType = text.plist.xml; path = Info.plist; sourceTree = "<group>"; };
		5B9CE309287347A70085859A /* LookOfficesTests.xctest */ = {isa = PBXFileReference; explicitFileType = wrapper.cfbundle; includeInIndex = 0; path = LookOfficesTests.xctest; sourceTree = BUILT_PRODUCTS_DIR; };
		5B9CE30D287347A70085859A /* LookOfficesTests.swift */ = {isa = PBXFileReference; lastKnownFileType = sourcecode.swift; path = LookOfficesTests.swift; sourceTree = "<group>"; };
		5B9CE313287347A70085859A /* LookOfficesUITests.xctest */ = {isa = PBXFileReference; explicitFileType = wrapper.cfbundle; includeInIndex = 0; path = LookOfficesUITests.xctest; sourceTree = BUILT_PRODUCTS_DIR; };
		5B9CE317287347A70085859A /* LookOfficesUITests.swift */ = {isa = PBXFileReference; lastKnownFileType = sourcecode.swift; path = LookOfficesUITests.swift; sourceTree = "<group>"; };
		5B9CE319287347A70085859A /* LookOfficesUITestsLaunchTests.swift */ = {isa = PBXFileReference; lastKnownFileType = sourcecode.swift; path = LookOfficesUITestsLaunchTests.swift; sourceTree = "<group>"; };
		5B9CE327287348890085859A /* Development.xcconfig */ = {isa = PBXFileReference; lastKnownFileType = text.xcconfig; path = Development.xcconfig; sourceTree = "<group>"; };
		5B9CE328287348DC0085859A /* Production.xcconfig */ = {isa = PBXFileReference; lastKnownFileType = text.xcconfig; path = Production.xcconfig; sourceTree = "<group>"; };
		5BC0638A289005CB004FA4FA /* Image.xcassets */ = {isa = PBXFileReference; lastKnownFileType = folder.assetcatalog; path = Image.xcassets; sourceTree = "<group>"; };
		5BC0638C289005F5004FA4FA /* UIcolor.swift */ = {isa = PBXFileReference; lastKnownFileType = sourcecode.swift; path = UIcolor.swift; sourceTree = "<group>"; };
		5BC0639128902303004FA4FA /* Register.storyboard */ = {isa = PBXFileReference; lastKnownFileType = file.storyboard; path = Register.storyboard; sourceTree = "<group>"; };
		5BC0639328902313004FA4FA /* RegisterViewController.swift */ = {isa = PBXFileReference; lastKnownFileType = sourcecode.swift; path = RegisterViewController.swift; sourceTree = "<group>"; };
		5BE4E62F2890003C009FF44B /* LoginViewController.swift */ = {isa = PBXFileReference; lastKnownFileType = sourcecode.swift; path = LoginViewController.swift; sourceTree = "<group>"; };
		5BE4E6312890004A009FF44B /* Login.storyboard */ = {isa = PBXFileReference; lastKnownFileType = file.storyboard; path = Login.storyboard; sourceTree = "<group>"; };
/* End PBXFileReference section */

/* Begin PBXFrameworksBuildPhase section */
		5B9CE2F0287347A60085859A /* Frameworks */ = {
			isa = PBXFrameworksBuildPhase;
			buildActionMask = 2147483647;
			files = (
				5BCD68282897A6BC0086F416 /* IQKeyboardManagerSwift in Frameworks */,
			);
			runOnlyForDeploymentPostprocessing = 0;
		};
		5B9CE306287347A70085859A /* Frameworks */ = {
			isa = PBXFrameworksBuildPhase;
			buildActionMask = 2147483647;
			files = (
			);
			runOnlyForDeploymentPostprocessing = 0;
		};
		5B9CE310287347A70085859A /* Frameworks */ = {
			isa = PBXFrameworksBuildPhase;
			buildActionMask = 2147483647;
			files = (
			);
			runOnlyForDeploymentPostprocessing = 0;
		};
/* End PBXFrameworksBuildPhase section */

/* Begin PBXGroup section */
		5B9CE2EA287347A60085859A = {
			isa = PBXGroup;
			children = (
				5B9CE3262873484F0085859A /* Configuration */,
				5B9CE2F5287347A60085859A /* LookOffices */,
				5B9CE30C287347A70085859A /* LookOfficesTests */,
				5B9CE316287347A70085859A /* LookOfficesUITests */,
				5B9CE2F4287347A60085859A /* Products */,
			);
			sourceTree = "<group>";
		};
		5B9CE2F4287347A60085859A /* Products */ = {
			isa = PBXGroup;
			children = (
				5B9CE2F3287347A60085859A /* LookOfficesDev.app */,
				5B9CE309287347A70085859A /* LookOfficesTests.xctest */,
				5B9CE313287347A70085859A /* LookOfficesUITests.xctest */,
			);
			name = Products;
			sourceTree = "<group>";
		};
		5B9CE2F5287347A60085859A /* LookOffices */ = {
			isa = PBXGroup;
			children = (
				5BC0638E289022D6004FA4FA /* Register */,
				5BE4E62C288FFFBF009FF44B /* Login */,
				5B8D92112873687E002DF1D1 /* LookOffices.entitlements */,
				5B9CE2F6287347A60085859A /* AppDelegate.swift */,
				5B9CE2F8287347A60085859A /* SceneDelegate.swift */,
				5B9CE2FA287347A60085859A /* ViewController.swift */,
				5B9CE2FC287347A60085859A /* Main.storyboard */,
				5B9CE2FF287347A70085859A /* Assets.xcassets */,
				5BC0638A289005CB004FA4FA /* Image.xcassets */,
				5BC0638C289005F5004FA4FA /* UIcolor.swift */,
				5B9CE301287347A70085859A /* LaunchScreen.storyboard */,
				5B9CE304287347A70085859A /* Info.plist */,
			);
			path = LookOffices;
			sourceTree = "<group>";
		};
		5B9CE30C287347A70085859A /* LookOfficesTests */ = {
			isa = PBXGroup;
			children = (
				5B9CE30D287347A70085859A /* LookOfficesTests.swift */,
			);
			path = LookOfficesTests;
			sourceTree = "<group>";
		};
		5B9CE316287347A70085859A /* LookOfficesUITests */ = {
			isa = PBXGroup;
			children = (
				5B9CE317287347A70085859A /* LookOfficesUITests.swift */,
				5B9CE319287347A70085859A /* LookOfficesUITestsLaunchTests.swift */,
			);
			path = LookOfficesUITests;
			sourceTree = "<group>";
		};
		5B9CE3262873484F0085859A /* Configuration */ = {
			isa = PBXGroup;
			children = (
				5B9CE327287348890085859A /* Development.xcconfig */,
				5B9CE328287348DC0085859A /* Production.xcconfig */,
			);
			path = Configuration;
			sourceTree = "<group>";
		};
		5BC0638E289022D6004FA4FA /* Register */ = {
			isa = PBXGroup;
			children = (
				5BC06390289022E3004FA4FA /* Controller */,
				5BC0638F289022DD004FA4FA /* View */,
			);
			path = Register;
			sourceTree = "<group>";
		};
		5BC0638F289022DD004FA4FA /* View */ = {
			isa = PBXGroup;
			children = (
				5BC0639128902303004FA4FA /* Register.storyboard */,
			);
			path = View;
			sourceTree = "<group>";
		};
		5BC06390289022E3004FA4FA /* Controller */ = {
			isa = PBXGroup;
			children = (
				5BC0639328902313004FA4FA /* RegisterViewController.swift */,
				5B26C33228914F05003AE9B0 /* DrawTriangle.swift */,
			);
			path = Controller;
			sourceTree = "<group>";
		};
		5BE4E62C288FFFBF009FF44B /* Login */ = {
			isa = PBXGroup;
			children = (
				5BE4E62E28900018009FF44B /* View */,
				5BE4E62D28900011009FF44B /* Controller */,
			);
			path = Login;
			sourceTree = "<group>";
		};
		5BE4E62D28900011009FF44B /* Controller */ = {
			isa = PBXGroup;
			children = (
				5BE4E62F2890003C009FF44B /* LoginViewController.swift */,
			);
			path = Controller;
			sourceTree = "<group>";
		};
		5BE4E62E28900018009FF44B /* View */ = {
			isa = PBXGroup;
			children = (
				5BE4E6312890004A009FF44B /* Login.storyboard */,
			);
			path = View;
			sourceTree = "<group>";
		};
/* End PBXGroup section */

/* Begin PBXNativeTarget section */
		5B9CE2F2287347A60085859A /* LookOffices */ = {
			isa = PBXNativeTarget;
			buildConfigurationList = 5B9CE31D287347A70085859A /* Build configuration list for PBXNativeTarget "LookOffices" */;
			buildPhases = (
				5B9CE2EF287347A60085859A /* Sources */,
				5B9CE2F0287347A60085859A /* Frameworks */,
				5B9CE2F1287347A60085859A /* Resources */,
			);
			buildRules = (
			);
			dependencies = (
			);
			name = LookOffices;
			packageProductDependencies = (
				5BCD68272897A6BC0086F416 /* IQKeyboardManagerSwift */,
			);
			productName = LookOffices;
			productReference = 5B9CE2F3287347A60085859A /* LookOfficesDev.app */;
			productType = "com.apple.product-type.application";
		};
		5B9CE308287347A70085859A /* LookOfficesTests */ = {
			isa = PBXNativeTarget;
			buildConfigurationList = 5B9CE320287347A70085859A /* Build configuration list for PBXNativeTarget "LookOfficesTests" */;
			buildPhases = (
				5B9CE305287347A70085859A /* Sources */,
				5B9CE306287347A70085859A /* Frameworks */,
				5B9CE307287347A70085859A /* Resources */,
			);
			buildRules = (
			);
			dependencies = (
				5B9CE30B287347A70085859A /* PBXTargetDependency */,
			);
			name = LookOfficesTests;
			productName = LookOfficesTests;
			productReference = 5B9CE309287347A70085859A /* LookOfficesTests.xctest */;
			productType = "com.apple.product-type.bundle.unit-test";
		};
		5B9CE312287347A70085859A /* LookOfficesUITests */ = {
			isa = PBXNativeTarget;
			buildConfigurationList = 5B9CE323287347A70085859A /* Build configuration list for PBXNativeTarget "LookOfficesUITests" */;
			buildPhases = (
				5B9CE30F287347A70085859A /* Sources */,
				5B9CE310287347A70085859A /* Frameworks */,
				5B9CE311287347A70085859A /* Resources */,
			);
			buildRules = (
			);
			dependencies = (
				5B9CE315287347A70085859A /* PBXTargetDependency */,
			);
			name = LookOfficesUITests;
			productName = LookOfficesUITests;
			productReference = 5B9CE313287347A70085859A /* LookOfficesUITests.xctest */;
			productType = "com.apple.product-type.bundle.ui-testing";
		};
/* End PBXNativeTarget section */

/* Begin PBXProject section */
		5B9CE2EB287347A60085859A /* Project object */ = {
			isa = PBXProject;
			attributes = {
				BuildIndependentTargetsInParallel = 1;
				LastSwiftUpdateCheck = 1340;
				LastUpgradeCheck = 1340;
				TargetAttributes = {
					5B9CE2F2287347A60085859A = {
						CreatedOnToolsVersion = 13.4.1;
					};
					5B9CE308287347A70085859A = {
						CreatedOnToolsVersion = 13.4.1;
						TestTargetID = 5B9CE2F2287347A60085859A;
					};
					5B9CE312287347A70085859A = {
						CreatedOnToolsVersion = 13.4.1;
						TestTargetID = 5B9CE2F2287347A60085859A;
					};
				};
			};
			buildConfigurationList = 5B9CE2EE287347A60085859A /* Build configuration list for PBXProject "LookOffices" */;
			compatibilityVersion = "Xcode 13.0";
			developmentRegion = en;
			hasScannedForEncodings = 0;
			knownRegions = (
				en,
				Base,
			);
			mainGroup = 5B9CE2EA287347A60085859A;
			packageReferences = (
				5BCD68262897A6BC0086F416 /* XCRemoteSwiftPackageReference "IQKeyboardManager" */,
			);
			productRefGroup = 5B9CE2F4287347A60085859A /* Products */;
			projectDirPath = "";
			projectRoot = "";
			targets = (
				5B9CE2F2287347A60085859A /* LookOffices */,
				5B9CE308287347A70085859A /* LookOfficesTests */,
				5B9CE312287347A70085859A /* LookOfficesUITests */,
			);
		};
/* End PBXProject section */

/* Begin PBXResourcesBuildPhase section */
		5B9CE2F1287347A60085859A /* Resources */ = {
			isa = PBXResourcesBuildPhase;
			buildActionMask = 2147483647;
			files = (
				5BE4E6322890004A009FF44B /* Login.storyboard in Resources */,
				5B9CE303287347A70085859A /* LaunchScreen.storyboard in Resources */,
				5BC0638B289005CB004FA4FA /* Image.xcassets in Resources */,
				5B9CE300287347A70085859A /* Assets.xcassets in Resources */,
				5B9CE2FE287347A60085859A /* Main.storyboard in Resources */,
				5BC0639228902303004FA4FA /* Register.storyboard in Resources */,
			);
			runOnlyForDeploymentPostprocessing = 0;
		};
		5B9CE307287347A70085859A /* Resources */ = {
			isa = PBXResourcesBuildPhase;
			buildActionMask = 2147483647;
			files = (
			);
			runOnlyForDeploymentPostprocessing = 0;
		};
		5B9CE311287347A70085859A /* Resources */ = {
			isa = PBXResourcesBuildPhase;
			buildActionMask = 2147483647;
			files = (
			);
			runOnlyForDeploymentPostprocessing = 0;
		};
/* End PBXResourcesBuildPhase section */

/* Begin PBXSourcesBuildPhase section */
		5B9CE2EF287347A60085859A /* Sources */ = {
			isa = PBXSourcesBuildPhase;
			buildActionMask = 2147483647;
			files = (
				5BE4E6302890003C009FF44B /* LoginViewController.swift in Sources */,
				5B26C33328914F05003AE9B0 /* DrawTriangle.swift in Sources */,
				5B9CE2FB287347A60085859A /* ViewController.swift in Sources */,
				5B9CE2F7287347A60085859A /* AppDelegate.swift in Sources */,
				5BC0639428902313004FA4FA /* RegisterViewController.swift in Sources */,
				5B9CE2F9287347A60085859A /* SceneDelegate.swift in Sources */,
				5BC0638D289005F5004FA4FA /* UIcolor.swift in Sources */,
			);
			runOnlyForDeploymentPostprocessing = 0;
		};
		5B9CE305287347A70085859A /* Sources */ = {
			isa = PBXSourcesBuildPhase;
			buildActionMask = 2147483647;
			files = (
				5B9CE30E287347A70085859A /* LookOfficesTests.swift in Sources */,
			);
			runOnlyForDeploymentPostprocessing = 0;
		};
		5B9CE30F287347A70085859A /* Sources */ = {
			isa = PBXSourcesBuildPhase;
			buildActionMask = 2147483647;
			files = (
				5B9CE318287347A70085859A /* LookOfficesUITests.swift in Sources */,
				5B9CE31A287347A70085859A /* LookOfficesUITestsLaunchTests.swift in Sources */,
			);
			runOnlyForDeploymentPostprocessing = 0;
		};
/* End PBXSourcesBuildPhase section */

/* Begin PBXTargetDependency section */
		5B9CE30B287347A70085859A /* PBXTargetDependency */ = {
			isa = PBXTargetDependency;
			target = 5B9CE2F2287347A60085859A /* LookOffices */;
			targetProxy = 5B9CE30A287347A70085859A /* PBXContainerItemProxy */;
		};
		5B9CE315287347A70085859A /* PBXTargetDependency */ = {
			isa = PBXTargetDependency;
			target = 5B9CE2F2287347A60085859A /* LookOffices */;
			targetProxy = 5B9CE314287347A70085859A /* PBXContainerItemProxy */;
		};
/* End PBXTargetDependency section */

/* Begin PBXVariantGroup section */
		5B9CE2FC287347A60085859A /* Main.storyboard */ = {
			isa = PBXVariantGroup;
			children = (
				5B9CE2FD287347A60085859A /* Base */,
			);
			name = Main.storyboard;
			sourceTree = "<group>";
		};
		5B9CE301287347A70085859A /* LaunchScreen.storyboard */ = {
			isa = PBXVariantGroup;
			children = (
				5B9CE302287347A70085859A /* Base */,
			);
			name = LaunchScreen.storyboard;
			sourceTree = "<group>";
		};
/* End PBXVariantGroup section */

/* Begin XCBuildConfiguration section */
		5B9CE31B287347A70085859A /* DevelopmentDebug */ = {
			isa = XCBuildConfiguration;
			baseConfigurationReference = 5B9CE327287348890085859A /* Development.xcconfig */;
			buildSettings = {
				ALWAYS_SEARCH_USER_PATHS = NO;
				BUNDLE_ID = "$(BUNDLE_ID)";
				CLANG_ANALYZER_NONNULL = YES;
				CLANG_ANALYZER_NUMBER_OBJECT_CONVERSION = YES_AGGRESSIVE;
				CLANG_CXX_LANGUAGE_STANDARD = "gnu++17";
				CLANG_ENABLE_MODULES = YES;
				CLANG_ENABLE_OBJC_ARC = YES;
				CLANG_ENABLE_OBJC_WEAK = YES;
				CLANG_WARN_BLOCK_CAPTURE_AUTORELEASING = YES;
				CLANG_WARN_BOOL_CONVERSION = YES;
				CLANG_WARN_COMMA = YES;
				CLANG_WARN_CONSTANT_CONVERSION = YES;
				CLANG_WARN_DEPRECATED_OBJC_IMPLEMENTATIONS = YES;
				CLANG_WARN_DIRECT_OBJC_ISA_USAGE = YES_ERROR;
				CLANG_WARN_DOCUMENTATION_COMMENTS = YES;
				CLANG_WARN_EMPTY_BODY = YES;
				CLANG_WARN_ENUM_CONVERSION = YES;
				CLANG_WARN_INFINITE_RECURSION = YES;
				CLANG_WARN_INT_CONVERSION = YES;
				CLANG_WARN_NON_LITERAL_NULL_CONVERSION = YES;
				CLANG_WARN_OBJC_IMPLICIT_RETAIN_SELF = YES;
				CLANG_WARN_OBJC_LITERAL_CONVERSION = YES;
				CLANG_WARN_OBJC_ROOT_CLASS = YES_ERROR;
				CLANG_WARN_QUOTED_INCLUDE_IN_FRAMEWORK_HEADER = YES;
				CLANG_WARN_RANGE_LOOP_ANALYSIS = YES;
				CLANG_WARN_STRICT_PROTOTYPES = YES;
				CLANG_WARN_SUSPICIOUS_MOVE = YES;
				CLANG_WARN_UNGUARDED_AVAILABILITY = YES_AGGRESSIVE;
				CLANG_WARN_UNREACHABLE_CODE = YES;
				CLANG_WARN__DUPLICATE_METHOD_MATCH = YES;
				COPY_PHASE_STRIP = NO;
				DEBUG_INFORMATION_FORMAT = dwarf;
				ENABLE_STRICT_OBJC_MSGSEND = YES;
				ENABLE_TESTABILITY = YES;
				GCC_C_LANGUAGE_STANDARD = gnu11;
				GCC_DYNAMIC_NO_PIC = NO;
				GCC_NO_COMMON_BLOCKS = YES;
				GCC_OPTIMIZATION_LEVEL = 0;
				GCC_PREPROCESSOR_DEFINITIONS = (
					"DEBUG=1",
					"$(inherited)",
				);
				GCC_WARN_64_TO_32_BIT_CONVERSION = YES;
				GCC_WARN_ABOUT_RETURN_TYPE = YES_ERROR;
				GCC_WARN_UNDECLARED_SELECTOR = YES;
				GCC_WARN_UNINITIALIZED_AUTOS = YES_AGGRESSIVE;
				GCC_WARN_UNUSED_FUNCTION = YES;
				GCC_WARN_UNUSED_VARIABLE = YES;
				IPHONEOS_DEPLOYMENT_TARGET = 15.5;
				MTL_ENABLE_DEBUG_INFO = INCLUDE_SOURCE;
				MTL_FAST_MATH = YES;
				ONLY_ACTIVE_ARCH = YES;
				SDKROOT = iphoneos;
				SWIFT_ACTIVE_COMPILATION_CONDITIONS = DEBUG;
				SWIFT_OPTIMIZATION_LEVEL = "-Onone";
				VALIDATE_WORKSPACE_SKIPPED_SDK_FRAMEWORKS = "";
			};
			name = DevelopmentDebug;
		};
		5B9CE31C287347A70085859A /* DevelopmentRelease */ = {
			isa = XCBuildConfiguration;
			baseConfigurationReference = 5B9CE327287348890085859A /* Development.xcconfig */;
			buildSettings = {
				ALWAYS_SEARCH_USER_PATHS = NO;
				BUNDLE_ID = "$(BUNDLE_ID)";
				CLANG_ANALYZER_NONNULL = YES;
				CLANG_ANALYZER_NUMBER_OBJECT_CONVERSION = YES_AGGRESSIVE;
				CLANG_CXX_LANGUAGE_STANDARD = "gnu++17";
				CLANG_ENABLE_MODULES = YES;
				CLANG_ENABLE_OBJC_ARC = YES;
				CLANG_ENABLE_OBJC_WEAK = YES;
				CLANG_WARN_BLOCK_CAPTURE_AUTORELEASING = YES;
				CLANG_WARN_BOOL_CONVERSION = YES;
				CLANG_WARN_COMMA = YES;
				CLANG_WARN_CONSTANT_CONVERSION = YES;
				CLANG_WARN_DEPRECATED_OBJC_IMPLEMENTATIONS = YES;
				CLANG_WARN_DIRECT_OBJC_ISA_USAGE = YES_ERROR;
				CLANG_WARN_DOCUMENTATION_COMMENTS = YES;
				CLANG_WARN_EMPTY_BODY = YES;
				CLANG_WARN_ENUM_CONVERSION = YES;
				CLANG_WARN_INFINITE_RECURSION = YES;
				CLANG_WARN_INT_CONVERSION = YES;
				CLANG_WARN_NON_LITERAL_NULL_CONVERSION = YES;
				CLANG_WARN_OBJC_IMPLICIT_RETAIN_SELF = YES;
				CLANG_WARN_OBJC_LITERAL_CONVERSION = YES;
				CLANG_WARN_OBJC_ROOT_CLASS = YES_ERROR;
				CLANG_WARN_QUOTED_INCLUDE_IN_FRAMEWORK_HEADER = YES;
				CLANG_WARN_RANGE_LOOP_ANALYSIS = YES;
				CLANG_WARN_STRICT_PROTOTYPES = YES;
				CLANG_WARN_SUSPICIOUS_MOVE = YES;
				CLANG_WARN_UNGUARDED_AVAILABILITY = YES_AGGRESSIVE;
				CLANG_WARN_UNREACHABLE_CODE = YES;
				CLANG_WARN__DUPLICATE_METHOD_MATCH = YES;
				COPY_PHASE_STRIP = NO;
				DEBUG_INFORMATION_FORMAT = "dwarf-with-dsym";
				ENABLE_NS_ASSERTIONS = NO;
				ENABLE_STRICT_OBJC_MSGSEND = YES;
				GCC_C_LANGUAGE_STANDARD = gnu11;
				GCC_NO_COMMON_BLOCKS = YES;
				GCC_WARN_64_TO_32_BIT_CONVERSION = YES;
				GCC_WARN_ABOUT_RETURN_TYPE = YES_ERROR;
				GCC_WARN_UNDECLARED_SELECTOR = YES;
				GCC_WARN_UNINITIALIZED_AUTOS = YES_AGGRESSIVE;
				GCC_WARN_UNUSED_FUNCTION = YES;
				GCC_WARN_UNUSED_VARIABLE = YES;
				IPHONEOS_DEPLOYMENT_TARGET = 15.5;
				MTL_ENABLE_DEBUG_INFO = NO;
				MTL_FAST_MATH = YES;
				SDKROOT = iphoneos;
				SWIFT_COMPILATION_MODE = wholemodule;
				SWIFT_OPTIMIZATION_LEVEL = "-O";
				VALIDATE_PRODUCT = YES;
				VALIDATE_WORKSPACE_SKIPPED_SDK_FRAMEWORKS = "";
			};
			name = DevelopmentRelease;
		};
		5B9CE31E287347A70085859A /* DevelopmentDebug */ = {
			isa = XCBuildConfiguration;
			baseConfigurationReference = 5B9CE327287348890085859A /* Development.xcconfig */;
			buildSettings = {
				ASSETCATALOG_COMPILER_APPICON_NAME = AppIcon;
				ASSETCATALOG_COMPILER_GLOBAL_ACCENT_COLOR_NAME = AccentColor;
				CODE_SIGN_ENTITLEMENTS = LookOffices/LookOffices.entitlements;
				CODE_SIGN_IDENTITY = "iPhone Developer";
				CODE_SIGN_STYLE = Manual;
				CURRENT_PROJECT_VERSION = 1;
				DEVELOPMENT_TEAM = TBXF7RJBHZ;
				GENERATE_INFOPLIST_FILE = YES;
				INFOPLIST_FILE = LookOffices/Info.plist;
				INFOPLIST_KEY_UIApplicationSupportsIndirectInputEvents = YES;
				INFOPLIST_KEY_UILaunchStoryboardName = LaunchScreen;
				INFOPLIST_KEY_UIMainStoryboardFile = Main;
				INFOPLIST_KEY_UISupportedInterfaceOrientations_iPad = "UIInterfaceOrientationPortrait UIInterfaceOrientationPortraitUpsideDown UIInterfaceOrientationLandscapeLeft UIInterfaceOrientationLandscapeRight";
				INFOPLIST_KEY_UISupportedInterfaceOrientations_iPhone = "UIInterfaceOrientationPortrait UIInterfaceOrientationLandscapeLeft UIInterfaceOrientationLandscapeRight";
				LD_RUNPATH_SEARCH_PATHS = (
					"$(inherited)",
					"@executable_path/Frameworks",
				);
				MARKETING_VERSION = 1.0;
				PRODUCT_BUNDLE_IDENTIFIER = "$(BUNDLE_ID)";
				PRODUCT_NAME = "$(APP_NAME)";
				PROVISIONING_PROFILE_SPECIFIER = "com.mobven.ios.enterprise.LookOffices.dev pp";
				SWIFT_EMIT_LOC_STRINGS = YES;
				SWIFT_VERSION = 5.0;
				TARGETED_DEVICE_FAMILY = "1,2";
				VALIDATE_WORKSPACE_SKIPPED_SDK_FRAMEWORKS = "";
			};
			name = DevelopmentDebug;
		};
		5B9CE31F287347A70085859A /* DevelopmentRelease */ = {
			isa = XCBuildConfiguration;
			baseConfigurationReference = 5B9CE327287348890085859A /* Development.xcconfig */;
			buildSettings = {
				ASSETCATALOG_COMPILER_APPICON_NAME = AppIcon;
				ASSETCATALOG_COMPILER_GLOBAL_ACCENT_COLOR_NAME = AccentColor;
				CODE_SIGN_ENTITLEMENTS = LookOffices/LookOffices.entitlements;
				CODE_SIGN_IDENTITY = "iPhone Developer";
				CODE_SIGN_STYLE = Manual;
				CURRENT_PROJECT_VERSION = 1;
				DEVELOPMENT_TEAM = TBXF7RJBHZ;
				GENERATE_INFOPLIST_FILE = YES;
				INFOPLIST_FILE = LookOffices/Info.plist;
				INFOPLIST_KEY_UIApplicationSupportsIndirectInputEvents = YES;
				INFOPLIST_KEY_UILaunchStoryboardName = LaunchScreen;
				INFOPLIST_KEY_UIMainStoryboardFile = Main;
				INFOPLIST_KEY_UISupportedInterfaceOrientations_iPad = "UIInterfaceOrientationPortrait UIInterfaceOrientationPortraitUpsideDown UIInterfaceOrientationLandscapeLeft UIInterfaceOrientationLandscapeRight";
				INFOPLIST_KEY_UISupportedInterfaceOrientations_iPhone = "UIInterfaceOrientationPortrait UIInterfaceOrientationLandscapeLeft UIInterfaceOrientationLandscapeRight";
				LD_RUNPATH_SEARCH_PATHS = (
					"$(inherited)",
					"@executable_path/Frameworks",
				);
				MARKETING_VERSION = 1.0;
				PRODUCT_BUNDLE_IDENTIFIER = "$(BUNDLE_ID)";
				PRODUCT_NAME = "$(APP_NAME)";
				PROVISIONING_PROFILE_SPECIFIER = "com.mobven.ios.enterprise.LookOffices.dev pp";
				SWIFT_EMIT_LOC_STRINGS = YES;
				SWIFT_VERSION = 5.0;
				TARGETED_DEVICE_FAMILY = "1,2";
				VALIDATE_WORKSPACE_SKIPPED_SDK_FRAMEWORKS = "";
			};
			name = DevelopmentRelease;
		};
		5B9CE321287347A70085859A /* DevelopmentDebug */ = {
			isa = XCBuildConfiguration;
			baseConfigurationReference = 5B9CE327287348890085859A /* Development.xcconfig */;
			buildSettings = {
				ALWAYS_EMBED_SWIFT_STANDARD_LIBRARIES = YES;
				BUNDLE_LOADER = "$(TEST_HOST)";
				CODE_SIGN_STYLE = Automatic;
				CURRENT_PROJECT_VERSION = 1;
				DEVELOPMENT_TEAM = TBXF7RJBHZ;
				GENERATE_INFOPLIST_FILE = YES;
				IPHONEOS_DEPLOYMENT_TARGET = 15.5;
				MARKETING_VERSION = 1.0;
				PRODUCT_BUNDLE_IDENTIFIER = com.samet.ogutcuoglu.officer.LookOfficesTests;
				PRODUCT_NAME = "$(TARGET_NAME)";
				SWIFT_EMIT_LOC_STRINGS = NO;
				SWIFT_VERSION = 5.0;
				TARGETED_DEVICE_FAMILY = "1,2";
				TEST_HOST = "$(BUILT_PRODUCTS_DIR)/LookOffices.app/LookOffices";
			};
			name = DevelopmentDebug;
		};
		5B9CE322287347A70085859A /* DevelopmentRelease */ = {
			isa = XCBuildConfiguration;
			baseConfigurationReference = 5B9CE327287348890085859A /* Development.xcconfig */;
			buildSettings = {
				ALWAYS_EMBED_SWIFT_STANDARD_LIBRARIES = YES;
				BUNDLE_LOADER = "$(TEST_HOST)";
				CODE_SIGN_STYLE = Automatic;
				CURRENT_PROJECT_VERSION = 1;
				DEVELOPMENT_TEAM = TBXF7RJBHZ;
				GENERATE_INFOPLIST_FILE = YES;
				IPHONEOS_DEPLOYMENT_TARGET = 15.5;
				MARKETING_VERSION = 1.0;
				PRODUCT_BUNDLE_IDENTIFIER = com.samet.ogutcuoglu.officer.LookOfficesTests;
				PRODUCT_NAME = "$(TARGET_NAME)";
				SWIFT_EMIT_LOC_STRINGS = NO;
				SWIFT_VERSION = 5.0;
				TARGETED_DEVICE_FAMILY = "1,2";
				TEST_HOST = "$(BUILT_PRODUCTS_DIR)/LookOffices.app/LookOffices";
			};
			name = DevelopmentRelease;
		};
		5B9CE324287347A70085859A /* DevelopmentDebug */ = {
			isa = XCBuildConfiguration;
			baseConfigurationReference = 5B9CE327287348890085859A /* Development.xcconfig */;
			buildSettings = {
				ALWAYS_EMBED_SWIFT_STANDARD_LIBRARIES = YES;
				CODE_SIGN_STYLE = Automatic;
				CURRENT_PROJECT_VERSION = 1;
				DEVELOPMENT_TEAM = TBXF7RJBHZ;
				GENERATE_INFOPLIST_FILE = YES;
				MARKETING_VERSION = 1.0;
				PRODUCT_BUNDLE_IDENTIFIER = com.samet.ogutcuoglu.officer.LookOfficesUITests;
				PRODUCT_NAME = "$(TARGET_NAME)";
				SWIFT_EMIT_LOC_STRINGS = NO;
				SWIFT_VERSION = 5.0;
				TARGETED_DEVICE_FAMILY = "1,2";
				TEST_TARGET_NAME = LookOffices;
			};
			name = DevelopmentDebug;
		};
		5B9CE325287347A70085859A /* DevelopmentRelease */ = {
			isa = XCBuildConfiguration;
			baseConfigurationReference = 5B9CE327287348890085859A /* Development.xcconfig */;
			buildSettings = {
				ALWAYS_EMBED_SWIFT_STANDARD_LIBRARIES = YES;
				CODE_SIGN_STYLE = Automatic;
				CURRENT_PROJECT_VERSION = 1;
				DEVELOPMENT_TEAM = TBXF7RJBHZ;
				GENERATE_INFOPLIST_FILE = YES;
				MARKETING_VERSION = 1.0;
				PRODUCT_BUNDLE_IDENTIFIER = com.samet.ogutcuoglu.officer.LookOfficesUITests;
				PRODUCT_NAME = "$(TARGET_NAME)";
				SWIFT_EMIT_LOC_STRINGS = NO;
				SWIFT_VERSION = 5.0;
				TARGETED_DEVICE_FAMILY = "1,2";
				TEST_TARGET_NAME = LookOffices;
			};
			name = DevelopmentRelease;
		};
		5B9CE32928734C810085859A /* ProductionDebug */ = {
			isa = XCBuildConfiguration;
			baseConfigurationReference = 5B9CE328287348DC0085859A /* Production.xcconfig */;
			buildSettings = {
				ALWAYS_SEARCH_USER_PATHS = NO;
				BUNDLE_ID = "$(BUNDLE_ID)";
				CLANG_ANALYZER_NONNULL = YES;
				CLANG_ANALYZER_NUMBER_OBJECT_CONVERSION = YES_AGGRESSIVE;
				CLANG_CXX_LANGUAGE_STANDARD = "gnu++17";
				CLANG_ENABLE_MODULES = YES;
				CLANG_ENABLE_OBJC_ARC = YES;
				CLANG_ENABLE_OBJC_WEAK = YES;
				CLANG_WARN_BLOCK_CAPTURE_AUTORELEASING = YES;
				CLANG_WARN_BOOL_CONVERSION = YES;
				CLANG_WARN_COMMA = YES;
				CLANG_WARN_CONSTANT_CONVERSION = YES;
				CLANG_WARN_DEPRECATED_OBJC_IMPLEMENTATIONS = YES;
				CLANG_WARN_DIRECT_OBJC_ISA_USAGE = YES_ERROR;
				CLANG_WARN_DOCUMENTATION_COMMENTS = YES;
				CLANG_WARN_EMPTY_BODY = YES;
				CLANG_WARN_ENUM_CONVERSION = YES;
				CLANG_WARN_INFINITE_RECURSION = YES;
				CLANG_WARN_INT_CONVERSION = YES;
				CLANG_WARN_NON_LITERAL_NULL_CONVERSION = YES;
				CLANG_WARN_OBJC_IMPLICIT_RETAIN_SELF = YES;
				CLANG_WARN_OBJC_LITERAL_CONVERSION = YES;
				CLANG_WARN_OBJC_ROOT_CLASS = YES_ERROR;
				CLANG_WARN_QUOTED_INCLUDE_IN_FRAMEWORK_HEADER = YES;
				CLANG_WARN_RANGE_LOOP_ANALYSIS = YES;
				CLANG_WARN_STRICT_PROTOTYPES = YES;
				CLANG_WARN_SUSPICIOUS_MOVE = YES;
				CLANG_WARN_UNGUARDED_AVAILABILITY = YES_AGGRESSIVE;
				CLANG_WARN_UNREACHABLE_CODE = YES;
				CLANG_WARN__DUPLICATE_METHOD_MATCH = YES;
				COPY_PHASE_STRIP = NO;
				DEBUG_INFORMATION_FORMAT = dwarf;
				ENABLE_STRICT_OBJC_MSGSEND = YES;
				ENABLE_TESTABILITY = YES;
				GCC_C_LANGUAGE_STANDARD = gnu11;
				GCC_DYNAMIC_NO_PIC = NO;
				GCC_NO_COMMON_BLOCKS = YES;
				GCC_OPTIMIZATION_LEVEL = 0;
				GCC_PREPROCESSOR_DEFINITIONS = (
					"DEBUG=1",
					"$(inherited)",
				);
				GCC_WARN_64_TO_32_BIT_CONVERSION = YES;
				GCC_WARN_ABOUT_RETURN_TYPE = YES_ERROR;
				GCC_WARN_UNDECLARED_SELECTOR = YES;
				GCC_WARN_UNINITIALIZED_AUTOS = YES_AGGRESSIVE;
				GCC_WARN_UNUSED_FUNCTION = YES;
				GCC_WARN_UNUSED_VARIABLE = YES;
				IPHONEOS_DEPLOYMENT_TARGET = 15.5;
				MTL_ENABLE_DEBUG_INFO = INCLUDE_SOURCE;
				MTL_FAST_MATH = YES;
				ONLY_ACTIVE_ARCH = YES;
				SDKROOT = iphoneos;
				SWIFT_ACTIVE_COMPILATION_CONDITIONS = DEBUG;
				SWIFT_OPTIMIZATION_LEVEL = "-Onone";
				VALIDATE_WORKSPACE_SKIPPED_SDK_FRAMEWORKS = "";
			};
			name = ProductionDebug;
		};
		5B9CE32A28734C810085859A /* ProductionDebug */ = {
			isa = XCBuildConfiguration;
			baseConfigurationReference = 5B9CE328287348DC0085859A /* Production.xcconfig */;
			buildSettings = {
				ASSETCATALOG_COMPILER_APPICON_NAME = AppIcon;
				ASSETCATALOG_COMPILER_GLOBAL_ACCENT_COLOR_NAME = AccentColor;
				CODE_SIGN_ENTITLEMENTS = LookOffices/LookOffices.entitlements;
				CODE_SIGN_IDENTITY = "iPhone Developer";
				CODE_SIGN_STYLE = Manual;
				CURRENT_PROJECT_VERSION = 1;
				DEVELOPMENT_TEAM = TBXF7RJBHZ;
				GENERATE_INFOPLIST_FILE = YES;
				INFOPLIST_FILE = LookOffices/Info.plist;
				INFOPLIST_KEY_UIApplicationSupportsIndirectInputEvents = YES;
				INFOPLIST_KEY_UILaunchStoryboardName = LaunchScreen;
				INFOPLIST_KEY_UIMainStoryboardFile = Main;
				INFOPLIST_KEY_UISupportedInterfaceOrientations_iPad = "UIInterfaceOrientationPortrait UIInterfaceOrientationPortraitUpsideDown UIInterfaceOrientationLandscapeLeft UIInterfaceOrientationLandscapeRight";
				INFOPLIST_KEY_UISupportedInterfaceOrientations_iPhone = "UIInterfaceOrientationPortrait UIInterfaceOrientationLandscapeLeft UIInterfaceOrientationLandscapeRight";
				LD_RUNPATH_SEARCH_PATHS = (
					"$(inherited)",
					"@executable_path/Frameworks",
				);
				MARKETING_VERSION = 1.0;
				PRODUCT_BUNDLE_IDENTIFIER = "$(BUNDLE_ID)";
				PRODUCT_NAME = "$(APP_NAME)";
				PROVISIONING_PROFILE_SPECIFIER = "com.mobven.ios.enterprise.LookOffices pp";
				SWIFT_EMIT_LOC_STRINGS = YES;
				SWIFT_VERSION = 5.0;
				TARGETED_DEVICE_FAMILY = "1,2";
				VALIDATE_WORKSPACE_SKIPPED_SDK_FRAMEWORKS = "";
			};
			name = ProductionDebug;
		};
		5B9CE32B28734C810085859A /* ProductionDebug */ = {
			isa = XCBuildConfiguration;
			baseConfigurationReference = 5B9CE328287348DC0085859A /* Production.xcconfig */;
			buildSettings = {
				ALWAYS_EMBED_SWIFT_STANDARD_LIBRARIES = YES;
				BUNDLE_LOADER = "$(TEST_HOST)";
				CODE_SIGN_STYLE = Automatic;
				CURRENT_PROJECT_VERSION = 1;
				DEVELOPMENT_TEAM = TBXF7RJBHZ;
				GENERATE_INFOPLIST_FILE = YES;
				IPHONEOS_DEPLOYMENT_TARGET = 15.5;
				MARKETING_VERSION = 1.0;
				PRODUCT_BUNDLE_IDENTIFIER = com.samet.ogutcuoglu.officer.LookOfficesTests;
				PRODUCT_NAME = "$(TARGET_NAME)";
				SWIFT_EMIT_LOC_STRINGS = NO;
				SWIFT_VERSION = 5.0;
				TARGETED_DEVICE_FAMILY = "1,2";
				TEST_HOST = "$(BUILT_PRODUCTS_DIR)/LookOffices.app/LookOffices";
			};
			name = ProductionDebug;
		};
		5B9CE32C28734C810085859A /* ProductionDebug */ = {
			isa = XCBuildConfiguration;
			baseConfigurationReference = 5B9CE328287348DC0085859A /* Production.xcconfig */;
			buildSettings = {
				ALWAYS_EMBED_SWIFT_STANDARD_LIBRARIES = YES;
				CODE_SIGN_STYLE = Automatic;
				CURRENT_PROJECT_VERSION = 1;
				DEVELOPMENT_TEAM = TBXF7RJBHZ;
				GENERATE_INFOPLIST_FILE = YES;
				MARKETING_VERSION = 1.0;
				PRODUCT_BUNDLE_IDENTIFIER = com.samet.ogutcuoglu.officer.LookOfficesUITests;
				PRODUCT_NAME = "$(TARGET_NAME)";
				SWIFT_EMIT_LOC_STRINGS = NO;
				SWIFT_VERSION = 5.0;
				TARGETED_DEVICE_FAMILY = "1,2";
				TEST_TARGET_NAME = LookOffices;
			};
			name = ProductionDebug;
		};
		5B9CE32D28734C9D0085859A /* ProductionRelease */ = {
			isa = XCBuildConfiguration;
			baseConfigurationReference = 5B9CE328287348DC0085859A /* Production.xcconfig */;
			buildSettings = {
				ALWAYS_SEARCH_USER_PATHS = NO;
				BUNDLE_ID = "$(BUNDLE_ID)";
				CLANG_ANALYZER_NONNULL = YES;
				CLANG_ANALYZER_NUMBER_OBJECT_CONVERSION = YES_AGGRESSIVE;
				CLANG_CXX_LANGUAGE_STANDARD = "gnu++17";
				CLANG_ENABLE_MODULES = YES;
				CLANG_ENABLE_OBJC_ARC = YES;
				CLANG_ENABLE_OBJC_WEAK = YES;
				CLANG_WARN_BLOCK_CAPTURE_AUTORELEASING = YES;
				CLANG_WARN_BOOL_CONVERSION = YES;
				CLANG_WARN_COMMA = YES;
				CLANG_WARN_CONSTANT_CONVERSION = YES;
				CLANG_WARN_DEPRECATED_OBJC_IMPLEMENTATIONS = YES;
				CLANG_WARN_DIRECT_OBJC_ISA_USAGE = YES_ERROR;
				CLANG_WARN_DOCUMENTATION_COMMENTS = YES;
				CLANG_WARN_EMPTY_BODY = YES;
				CLANG_WARN_ENUM_CONVERSION = YES;
				CLANG_WARN_INFINITE_RECURSION = YES;
				CLANG_WARN_INT_CONVERSION = YES;
				CLANG_WARN_NON_LITERAL_NULL_CONVERSION = YES;
				CLANG_WARN_OBJC_IMPLICIT_RETAIN_SELF = YES;
				CLANG_WARN_OBJC_LITERAL_CONVERSION = YES;
				CLANG_WARN_OBJC_ROOT_CLASS = YES_ERROR;
				CLANG_WARN_QUOTED_INCLUDE_IN_FRAMEWORK_HEADER = YES;
				CLANG_WARN_RANGE_LOOP_ANALYSIS = YES;
				CLANG_WARN_STRICT_PROTOTYPES = YES;
				CLANG_WARN_SUSPICIOUS_MOVE = YES;
				CLANG_WARN_UNGUARDED_AVAILABILITY = YES_AGGRESSIVE;
				CLANG_WARN_UNREACHABLE_CODE = YES;
				CLANG_WARN__DUPLICATE_METHOD_MATCH = YES;
				COPY_PHASE_STRIP = NO;
				DEBUG_INFORMATION_FORMAT = "dwarf-with-dsym";
				ENABLE_NS_ASSERTIONS = NO;
				ENABLE_STRICT_OBJC_MSGSEND = YES;
				GCC_C_LANGUAGE_STANDARD = gnu11;
				GCC_NO_COMMON_BLOCKS = YES;
				GCC_WARN_64_TO_32_BIT_CONVERSION = YES;
				GCC_WARN_ABOUT_RETURN_TYPE = YES_ERROR;
				GCC_WARN_UNDECLARED_SELECTOR = YES;
				GCC_WARN_UNINITIALIZED_AUTOS = YES_AGGRESSIVE;
				GCC_WARN_UNUSED_FUNCTION = YES;
				GCC_WARN_UNUSED_VARIABLE = YES;
				IPHONEOS_DEPLOYMENT_TARGET = 15.5;
				MTL_ENABLE_DEBUG_INFO = NO;
				MTL_FAST_MATH = YES;
				SDKROOT = iphoneos;
				SWIFT_COMPILATION_MODE = wholemodule;
				SWIFT_OPTIMIZATION_LEVEL = "-O";
				VALIDATE_PRODUCT = YES;
				VALIDATE_WORKSPACE_SKIPPED_SDK_FRAMEWORKS = "";
			};
			name = ProductionRelease;
		};
		5B9CE32E28734C9D0085859A /* ProductionRelease */ = {
			isa = XCBuildConfiguration;
			baseConfigurationReference = 5B9CE328287348DC0085859A /* Production.xcconfig */;
			buildSettings = {
				ASSETCATALOG_COMPILER_APPICON_NAME = AppIcon;
				ASSETCATALOG_COMPILER_GLOBAL_ACCENT_COLOR_NAME = AccentColor;
				CODE_SIGN_ENTITLEMENTS = LookOffices/LookOffices.entitlements;
				CODE_SIGN_IDENTITY = "iPhone Developer";
				CODE_SIGN_STYLE = Manual;
				CURRENT_PROJECT_VERSION = 1;
				DEVELOPMENT_TEAM = TBXF7RJBHZ;
				GENERATE_INFOPLIST_FILE = YES;
				INFOPLIST_FILE = LookOffices/Info.plist;
				INFOPLIST_KEY_UIApplicationSupportsIndirectInputEvents = YES;
				INFOPLIST_KEY_UILaunchStoryboardName = LaunchScreen;
				INFOPLIST_KEY_UIMainStoryboardFile = Main;
				INFOPLIST_KEY_UISupportedInterfaceOrientations_iPad = "UIInterfaceOrientationPortrait UIInterfaceOrientationPortraitUpsideDown UIInterfaceOrientationLandscapeLeft UIInterfaceOrientationLandscapeRight";
				INFOPLIST_KEY_UISupportedInterfaceOrientations_iPhone = "UIInterfaceOrientationPortrait UIInterfaceOrientationLandscapeLeft UIInterfaceOrientationLandscapeRight";
				LD_RUNPATH_SEARCH_PATHS = (
					"$(inherited)",
					"@executable_path/Frameworks",
				);
				MARKETING_VERSION = 1.0;
				PRODUCT_BUNDLE_IDENTIFIER = "$(BUNDLE_ID)";
				PRODUCT_NAME = "$(APP_NAME)";
				PROVISIONING_PROFILE_SPECIFIER = "com.mobven.ios.enterprise.LookOffices pp";
				SWIFT_EMIT_LOC_STRINGS = YES;
				SWIFT_VERSION = 5.0;
				TARGETED_DEVICE_FAMILY = "1,2";
				VALIDATE_WORKSPACE_SKIPPED_SDK_FRAMEWORKS = "";
			};
			name = ProductionRelease;
		};
		5B9CE32F28734C9D0085859A /* ProductionRelease */ = {
			isa = XCBuildConfiguration;
			baseConfigurationReference = 5B9CE328287348DC0085859A /* Production.xcconfig */;
			buildSettings = {
				ALWAYS_EMBED_SWIFT_STANDARD_LIBRARIES = YES;
				BUNDLE_LOADER = "$(TEST_HOST)";
				CODE_SIGN_STYLE = Automatic;
				CURRENT_PROJECT_VERSION = 1;
				DEVELOPMENT_TEAM = TBXF7RJBHZ;
				GENERATE_INFOPLIST_FILE = YES;
				IPHONEOS_DEPLOYMENT_TARGET = 15.5;
				MARKETING_VERSION = 1.0;
				PRODUCT_BUNDLE_IDENTIFIER = com.samet.ogutcuoglu.officer.LookOfficesTests;
				PRODUCT_NAME = "$(TARGET_NAME)";
				SWIFT_EMIT_LOC_STRINGS = NO;
				SWIFT_VERSION = 5.0;
				TARGETED_DEVICE_FAMILY = "1,2";
				TEST_HOST = "$(BUILT_PRODUCTS_DIR)/LookOffices.app/LookOffices";
			};
			name = ProductionRelease;
		};
		5B9CE33028734C9D0085859A /* ProductionRelease */ = {
			isa = XCBuildConfiguration;
			baseConfigurationReference = 5B9CE328287348DC0085859A /* Production.xcconfig */;
			buildSettings = {
				ALWAYS_EMBED_SWIFT_STANDARD_LIBRARIES = YES;
				CODE_SIGN_STYLE = Automatic;
				CURRENT_PROJECT_VERSION = 1;
				DEVELOPMENT_TEAM = TBXF7RJBHZ;
				GENERATE_INFOPLIST_FILE = YES;
				MARKETING_VERSION = 1.0;
				PRODUCT_BUNDLE_IDENTIFIER = com.samet.ogutcuoglu.officer.LookOfficesUITests;
				PRODUCT_NAME = "$(TARGET_NAME)";
				SWIFT_EMIT_LOC_STRINGS = NO;
				SWIFT_VERSION = 5.0;
				TARGETED_DEVICE_FAMILY = "1,2";
				TEST_TARGET_NAME = LookOffices;
			};
			name = ProductionRelease;
		};
/* End XCBuildConfiguration section */

/* Begin XCConfigurationList section */
		5B9CE2EE287347A60085859A /* Build configuration list for PBXProject "LookOffices" */ = {
			isa = XCConfigurationList;
			buildConfigurations = (
				5B9CE31B287347A70085859A /* DevelopmentDebug */,
				5B9CE32928734C810085859A /* ProductionDebug */,
				5B9CE31C287347A70085859A /* DevelopmentRelease */,
				5B9CE32D28734C9D0085859A /* ProductionRelease */,
			);
			defaultConfigurationIsVisible = 0;
			defaultConfigurationName = DevelopmentRelease;
		};
		5B9CE31D287347A70085859A /* Build configuration list for PBXNativeTarget "LookOffices" */ = {
			isa = XCConfigurationList;
			buildConfigurations = (
				5B9CE31E287347A70085859A /* DevelopmentDebug */,
				5B9CE32A28734C810085859A /* ProductionDebug */,
				5B9CE31F287347A70085859A /* DevelopmentRelease */,
				5B9CE32E28734C9D0085859A /* ProductionRelease */,
			);
			defaultConfigurationIsVisible = 0;
			defaultConfigurationName = DevelopmentRelease;
		};
		5B9CE320287347A70085859A /* Build configuration list for PBXNativeTarget "LookOfficesTests" */ = {
			isa = XCConfigurationList;
			buildConfigurations = (
				5B9CE321287347A70085859A /* DevelopmentDebug */,
				5B9CE32B28734C810085859A /* ProductionDebug */,
				5B9CE322287347A70085859A /* DevelopmentRelease */,
				5B9CE32F28734C9D0085859A /* ProductionRelease */,
			);
			defaultConfigurationIsVisible = 0;
			defaultConfigurationName = DevelopmentRelease;
		};
		5B9CE323287347A70085859A /* Build configuration list for PBXNativeTarget "LookOfficesUITests" */ = {
			isa = XCConfigurationList;
			buildConfigurations = (
				5B9CE324287347A70085859A /* DevelopmentDebug */,
				5B9CE32C28734C810085859A /* ProductionDebug */,
				5B9CE325287347A70085859A /* DevelopmentRelease */,
				5B9CE33028734C9D0085859A /* ProductionRelease */,
			);
			defaultConfigurationIsVisible = 0;
			defaultConfigurationName = DevelopmentRelease;
		};
/* End XCConfigurationList section */

/* Begin XCRemoteSwiftPackageReference section */
		5BCD68262897A6BC0086F416 /* XCRemoteSwiftPackageReference "IQKeyboardManager" */ = {
			isa = XCRemoteSwiftPackageReference;
			repositoryURL = "https://github.com/hackiftekhar/IQKeyboardManager";
			requirement = {
				branch = master;
				kind = branch;
			};
		};
/* End XCRemoteSwiftPackageReference section */

/* Begin XCSwiftPackageProductDependency section */
		5BCD68272897A6BC0086F416 /* IQKeyboardManagerSwift */ = {
			isa = XCSwiftPackageProductDependency;
			package = 5BCD68262897A6BC0086F416 /* XCRemoteSwiftPackageReference "IQKeyboardManager" */;
			productName = IQKeyboardManagerSwift;
		};
/* End XCSwiftPackageProductDependency section */
	};
	rootObject = 5B9CE2EB287347A60085859A /* Project object */;
}
